// !$*UTF8*$!
{
	archiveVersion = 1;
	classes = {
	};
	objectVersion = 56;
	objects = {

/* Begin PBXBuildFile section */
		SM0000000000000000000006 /* ScriptStoreTests.swift in Sources */ = {isa = PBXBuildFile; fileRef = SM0000000000000000000106 /* ScriptStoreTests.swift */; };
		SM0000000000000000000001 /* ScriptStore.swift in Sources */ = {isa = PBXBuildFile; fileRef = SM0000000000000000000101 /* ScriptStore.swift */; };
		SM0000000000000000000002 /* ScriptManagerViewModel.swift in Sources */ = {isa = PBXBuildFile; fileRef = SM0000000000000000000102 /* ScriptManagerViewModel.swift */; };
		SM0000000000000000000003 /* ScriptEditorViewModel.swift in Sources */ = {isa = PBXBuildFile; fileRef = SM0000000000000000000103 /* ScriptEditorViewModel.swift */; };
		SM0000000000000000000004 /* ScriptManagerView.swift in Sources */ = {isa = PBXBuildFile; fileRef = SM0000000000000000000104 /* ScriptManagerView.swift */; };
		SM0000000000000000000005 /* ScriptEditorView.swift in Sources */ = {isa = PBXBuildFile; fileRef = SM0000000000000000000105 /* ScriptEditorView.swift */; };
		SM0000000000000000000007 /* LineNumberedTextEditorView.swift in Sources */ = {isa = PBXBuildFile; fileRef = SM0000000000000000000107 /* LineNumberedTextEditorView.swift */; };
		P10000000000000000000004 /* PineEngineTests.swift in Sources */ = {isa = PBXBuildFile; fileRef = P10000000000000000000104 /* PineEngineTests.swift */; };
		P10000000000000000000001 /* PineModels.swift in Sources */ = {isa = PBXBuildFile; fileRef = P10000000000000000000101 /* PineModels.swift */; };
		P10000000000000000000002 /* PineEngine.swift in Sources */ = {isa = PBXBuildFile; fileRef = P10000000000000000000102 /* PineEngine.swift */; };
		P10000000000000000000003 /* PineRuntime.swift in Sources */ = {isa = PBXBuildFile; fileRef = P10000000000000000000103 /* PineRuntime.swift */; };
		C50000000000000000000007 /* BinanceWebSocketServiceTests.swift in Sources */ = {isa = PBXBuildFile; fileRef = C50000000000000000000107 /* BinanceWebSocketServiceTests.swift */; };
		C50000000000000000000006 /* KlineDataTests.swift in Sources */ = {isa = PBXBuildFile; fileRef = C50000000000000000000106 /* KlineDataTests.swift */; };
		C50000000000000000000001 /* JSONStoreTests.swift in Sources */ = {isa = PBXBuildFile; fileRef = C50000000000000000000101 /* JSONStoreTests.swift */; };
		C50000000000000000000002 /* ChartViewModelFetchTests.swift in Sources */ = {isa = PBXBuildFile; fileRef = C50000000000000000000102 /* ChartViewModelFetchTests.swift */; };
		C50000000000000000000003 /* ChartPlotTests.swift in Sources */ = {isa = PBXBuildFile; fileRef = C50000000000000000000103 /* ChartPlotTests.swift */; };
		C50000000000000000000004 /* IndicatorsTests.swift in Sources */ = {isa = PBXBuildFile; fileRef = C50000000000000000000104 /* IndicatorsTests.swift */; };
		C50000000000000000000005 /* KlineCacheTests.swift in Sources */ = {isa = PBXBuildFile; fileRef = C50000000000000000000105 /* KlineCacheTests.swift */; };
		B90000000000000000000008 /* LocalPriceAlertEngineTests.swift in Sources */ = {isa = PBXBuildFile; fileRef = B90000000000000000000108 /* LocalPriceAlertEngineTests.swift */; };
		B90000000000000000000001 /* PriceAlertModels.swift in Sources */ = {isa = PBXBuildFile; fileRef = B90000000000000000000101 /* PriceAlertModels.swift */; };
		B90000000000000000000002 /* LocalPriceAlertEngine.swift in Sources */ = {isa = PBXBuildFile; fileRef = B90000000000000000000102 /* LocalPriceAlertEngine.swift */; };
		B90000000000000000000003 /* FXRateService.swift in Sources */ = {isa = PBXBuildFile; fileRef = B90000000000000000000103 /* FXRateService.swift */; };
		B90000000000000000000004 /* MarketQuoteCoordinator.swift in Sources */ = {isa = PBXBuildFile; fileRef = B90000000000000000000104 /* MarketQuoteCoordinator.swift */; };
		B90000000000000000000005 /* AlertStore.swift in Sources */ = {isa = PBXBuildFile; fileRef = B90000000000000000000105 /* AlertStore.swift */; };
		B90000000000000000000006 /* PriceAlertEditor.swift in Sources */ = {isa = PBXBuildFile; fileRef = B90000000000000000000106 /* PriceAlertEditor.swift */; };
		B90000000000000000000007 /* AlertsCenterView.swift in Sources */ = {isa = PBXBuildFile; fileRef = B90000000000000000000107 /* AlertsCenterView.swift */; };
		BA0000000000000000000001 /* AlertRuntimePersistence.swift in Sources */ = {isa = PBXBuildFile; fileRef = BA0000000000000000000101 /* AlertRuntimePersistence.swift */; };
		BA0000000000000000000002 /* AlertRuntimeHost.swift in Sources */ = {isa = PBXBuildFile; fileRef = BA0000000000000000000102 /* AlertRuntimeHost.swift */; };
		BA0000000000000000000003 /* AlertBackgroundService.swift in Sources */ = {isa = PBXBuildFile; fileRef = BA0000000000000000000103 /* AlertBackgroundService.swift */; };
		BA1000000000000000000001 /* AlertAgentMain.swift in Sources */ = {isa = PBXBuildFile; fileRef = BA1000000000000000000101 /* AlertAgentMain.swift */; };
		BA1000000000000000000002 /* DegenViewAlertAgent.app in Embed Login Items */ = {isa = PBXBuildFile; fileRef = BA1000000000000000000102 /* DegenViewAlertAgent.app */; settings = {ATTRIBUTES = (CodeSignOnCopy, RemoveHeadersOnCopy, ); }; };
		BA1100000000000000000001 /* PriceAlertModels.swift in Agent Sources */ = {isa = PBXBuildFile; fileRef = B90000000000000000000101; };
		BA1100000000000000000002 /* LocalPriceAlertEngine.swift in Agent Sources */ = {isa = PBXBuildFile; fileRef = B90000000000000000000102; };
		BA1100000000000000000003 /* FXRateService.swift in Agent Sources */ = {isa = PBXBuildFile; fileRef = B90000000000000000000103; };
		BA1100000000000000000004 /* MarketQuoteCoordinator.swift in Agent Sources */ = {isa = PBXBuildFile; fileRef = B90000000000000000000104; };
		BA1100000000000000000005 /* AlertRuntimePersistence.swift in Agent Sources */ = {isa = PBXBuildFile; fileRef = BA0000000000000000000101; };
		BA1100000000000000000006 /* AlertRuntimeHost.swift in Agent Sources */ = {isa = PBXBuildFile; fileRef = BA0000000000000000000102; };
		BA1100000000000000000007 /* PortfolioModels.swift in Agent Sources */ = {isa = PBXBuildFile; fileRef = AA1000000000000000000101; };
		BA1100000000000000000008 /* DataSourceType.swift in Agent Sources */ = {isa = PBXBuildFile; fileRef = A00000000000000000000118; };
		BA1100000000000000000009 /* KlineData.swift in Agent Sources */ = {isa = PBXBuildFile; fileRef = A00000000000000000000103; };
		BA110000000000000000000A /* TickerDataSource.swift in Agent Sources */ = {isa = PBXBuildFile; fileRef = A00000000000000000000119; };
		BA110000000000000000000B /* BinanceAPIService.swift in Agent Sources */ = {isa = PBXBuildFile; fileRef = A00000000000000000000106; };
		BA110000000000000000000C /* CoinGeckoAPIService.swift in Agent Sources */ = {isa = PBXBuildFile; fileRef = A0000000000000000000011A; };
		BA110000000000000000000D /* DEXScreenerService.swift in Agent Sources */ = {isa = PBXBuildFile; fileRef = A0000000000000000000011B; };
		BA110000000000000000000E /* AlpacaAPIService.swift in Agent Sources */ = {isa = PBXBuildFile; fileRef = E20000000000000000000102; };
		BA110000000000000000000F /* AlpacaCredentials.swift in Agent Sources */ = {isa = PBXBuildFile; fileRef = E20000000000000000000101; };
		BA1100000000000000000010 /* PolymarketService.swift in Agent Sources */ = {isa = PBXBuildFile; fileRef = C10000000000000000000102; };
		BA1100000000000000000011 /* PolymarketModels.swift in Agent Sources */ = {isa = PBXBuildFile; fileRef = C10000000000000000000101; };
		BA1100000000000000000012 /* ReplaySession.swift in Agent Sources */ = {isa = PBXBuildFile; fileRef = E30000000000000000000101; };
		BA1100000000000000000013 /* AppSupport.swift in Agent Sources */ = {isa = PBXBuildFile; fileRef = D7BF0A39943224E6FE7AB590; };
		BA1100000000000000000014 /* JSONStore.swift in Agent Sources */ = {isa = PBXBuildFile; fileRef = DC402F9B4B39FBF3A4F0D4BE; };
		BA1100000000000000000015 /* KlineCache.swift in Agent Sources */ = {isa = PBXBuildFile; fileRef = E167CD7B739B528C0792D361; };
		BA1100000000000000000016 /* CGRateLimiter.swift in Agent Sources */ = {isa = PBXBuildFile; fileRef = A0000000000000000000011E; };
		BA1100000000000000000017 /* CoinGeckoProvisionalStore.swift in Agent Sources */ = {isa = PBXBuildFile; fileRef = B10000000000000000000101; };
		BA1100000000000000000018 /* TimeRange.swift in Agent Sources */ = {isa = PBXBuildFile; fileRef = A00000000000000000000104; };
		BA1100000000000000000019 /* GeckoTerminalService.swift in Agent Sources */ = {isa = PBXBuildFile; fileRef = A00000000000000000000902; };
		BA110000000000000000001A /* Constants.swift in Agent Sources */ = {isa = PBXBuildFile; fileRef = 1A7A9FF7FE2582A9CD3DFB94; };
		BA110000000000000000001B /* PriceFormatter.swift in Agent Sources */ = {isa = PBXBuildFile; fileRef = 763ED08073ED0807493107C6; };
		BA110000000000000000001C /* TrendLine.swift in Agent Sources */ = {isa = PBXBuildFile; fileRef = A00000000000000000000906; };
		BA110000000000000000001D /* PineModels.swift in Agent Sources */ = {isa = PBXBuildFile; fileRef = P10000000000000000000101; };
		BA110000000000000000001E /* Indicators.swift in Agent Sources */ = {isa = PBXBuildFile; fileRef = A00000000000000000000904; };
		BA110000000000000000001F /* SymbolInfo.swift in Agent Sources */ = {isa = PBXBuildFile; fileRef = A00000000000000000000105; };
		BA1100000000000000000020 /* Comparable+Clamped.swift in Agent Sources */ = {isa = PBXBuildFile; fileRef = 9AB4301ACD00B5A586820208; };
		AA1000000000000000000007 /* PortfolioAccountingEngineTests.swift in Sources */ = {isa = PBXBuildFile; fileRef = AA1000000000000000000107 /* PortfolioAccountingEngineTests.swift */; };
		AA1000000000000000000008 /* PortfolioTabView.swift in Sources */ = {isa = PBXBuildFile; fileRef = AA1000000000000000000108 /* PortfolioTabView.swift */; };
		AA1000000000000000000009 /* PortfolioAssetAutoMapper.swift in Sources */ = {isa = PBXBuildFile; fileRef = AA1000000000000000000109 /* PortfolioAssetAutoMapper.swift */; };
		AA1000000000000000000001 /* PortfolioModels.swift in Sources */ = {isa = PBXBuildFile; fileRef = AA1000000000000000000101 /* PortfolioModels.swift */; };
		AA2000000000000000000001 /* PortfolioValueChange.swift in Sources */ = {isa = PBXBuildFile; fileRef = AA2000000000000000000101 /* PortfolioValueChange.swift */; };
		AA1000000000000000000002 /* PortfolioAccountingEngine.swift in Sources */ = {isa = PBXBuildFile; fileRef = AA1000000000000000000102 /* PortfolioAccountingEngine.swift */; };
		AA1000000000000000000003 /* PortfolioLedger.swift in Sources */ = {isa = PBXBuildFile; fileRef = AA1000000000000000000103 /* PortfolioLedger.swift */; };
		AA1000000000000000000004 /* PortfolioStore.swift in Sources */ = {isa = PBXBuildFile; fileRef = AA1000000000000000000104 /* PortfolioStore.swift */; };
		AA1000000000000000000005 /* PortfolioCSVService.swift in Sources */ = {isa = PBXBuildFile; fileRef = AA1000000000000000000105 /* PortfolioCSVService.swift */; };
		AA1000000000000000000006 /* PortfolioDashboardView.swift in Sources */ = {isa = PBXBuildFile; fileRef = AA1000000000000000000106 /* PortfolioDashboardView.swift */; };
		E40000000000000000000001 /* ReplayEngineTests.swift in Sources */ = {isa = PBXBuildFile; fileRef = E40000000000000000000101 /* ReplayEngineTests.swift */; };
		F30000000000000000000006 /* PaperTradingEngineTests.swift in Sources */ = {isa = PBXBuildFile; fileRef = F30000000000000000000106 /* PaperTradingEngineTests.swift */; };
		107499480345BD4E1AF89997 /* DateFormat+Extensions.swift in Sources */ = {isa = PBXBuildFile; fileRef = CF4F0861ED57FFD15CBF8E0D /* DateFormat+Extensions.swift */; };
		133084E1F720D328F33F7A4E /* ReorderDropDelegate.swift in Sources */ = {isa = PBXBuildFile; fileRef = 26162A9C17DCE8969A3E56B8 /* ReorderDropDelegate.swift */; };
		210811D2641BFEA642CB5C1B /* AppSupport.swift in Sources */ = {isa = PBXBuildFile; fileRef = D7BF0A39943224E6FE7AB590 /* AppSupport.swift */; };
		44306C22FA7B0C913BEAFD73 /* TickerSearchViewModel.swift in Sources */ = {isa = PBXBuildFile; fileRef = E60CA374E62AB0BAD0D6D6DD /* TickerSearchViewModel.swift */; };
		58630E0C416C081AF0953889 /* KlineCache.swift in Sources */ = {isa = PBXBuildFile; fileRef = E167CD7B739B528C0792D361 /* KlineCache.swift */; };
		d58e678f4f4143a992f14a23 /* ImageCache.swift in Sources */ = {isa = PBXBuildFile; fileRef = 62da476d2ea14915af7cffe9 /* ImageCache.swift */; };
		B10000000000000000000001 /* CoinGeckoProvisionalStore.swift in Sources */ = {isa = PBXBuildFile; fileRef = B10000000000000000000101 /* CoinGeckoProvisionalStore.swift */; };
		8A6F0FBF904AABC2B7092AB6 /* Constants.swift in Sources */ = {isa = PBXBuildFile; fileRef = 1A7A9FF7FE2582A9CD3DFB94 /* Constants.swift */; };
		A00000000000000000000001 /* DegenViewApp.swift in Sources */ = {isa = PBXBuildFile; fileRef = A00000000000000000000101 /* DegenViewApp.swift */; };
		A00000000000000000000002 /* ContentView.swift in Sources */ = {isa = PBXBuildFile; fileRef = A00000000000000000000102 /* ContentView.swift */; };
		A00000000000000000000003 /* KlineData.swift in Sources */ = {isa = PBXBuildFile; fileRef = A00000000000000000000103 /* KlineData.swift */; };
		A00000000000000000000004 /* TimeRange.swift in Sources */ = {isa = PBXBuildFile; fileRef = A00000000000000000000104 /* TimeRange.swift */; };
		A00000000000000000000005 /* SymbolInfo.swift in Sources */ = {isa = PBXBuildFile; fileRef = A00000000000000000000105 /* SymbolInfo.swift */; };
		A00000000000000000000006 /* BinanceAPIService.swift in Sources */ = {isa = PBXBuildFile; fileRef = A00000000000000000000106 /* BinanceAPIService.swift */; };
		A00000000000000000000008 /* ChartViewModel.swift in Sources */ = {isa = PBXBuildFile; fileRef = A00000000000000000000108 /* ChartViewModel.swift */; };
		A00000000000000000000009 /* ContentViewModel.swift in Sources */ = {isa = PBXBuildFile; fileRef = A00000000000000000000109 /* ContentViewModel.swift */; };
		A0000000000000000000000A /* ChartCardView.swift in Sources */ = {isa = PBXBuildFile; fileRef = A0000000000000000000010A /* ChartCardView.swift */; };
		A0000000000000000000000B /* AddTickerSheet.swift in Sources */ = {isa = PBXBuildFile; fileRef = A0000000000000000000010B /* AddTickerSheet.swift */; };
		F10000000000000000000001 /* FavoriteItem.swift in Sources */ = {isa = PBXBuildFile; fileRef = F10000000000000000000101 /* FavoriteItem.swift */; };
		F10000000000000000000002 /* FavoritesStore.swift in Sources */ = {isa = PBXBuildFile; fileRef = F10000000000000000000102 /* FavoritesStore.swift */; };
		F10000000000000000000003 /* FavoritesSidebar.swift in Sources */ = {isa = PBXBuildFile; fileRef = F10000000000000000000103 /* FavoritesSidebar.swift */; };
		A0000000000000000000000D /* EmptyStateView.swift in Sources */ = {isa = PBXBuildFile; fileRef = A0000000000000000000010D /* EmptyStateView.swift */; };
		A0000000000000000000000E /* MockData.swift in Sources */ = {isa = PBXBuildFile; fileRef = A0000000000000000000010E /* MockData.swift */; };
		A0000000000000000000000F /* Assets.xcassets in Resources */ = {isa = PBXBuildFile; fileRef = A0000000000000000000010F /* Assets.xcassets */; };
		A00000000000000000000011 /* CandleChartView.swift in Sources */ = {isa = PBXBuildFile; fileRef = A00000000000000000000112 /* CandleChartView.swift */; };
		C10000000000000000000001 /* PolymarketModels.swift in Sources */ = {isa = PBXBuildFile; fileRef = C10000000000000000000101 /* PolymarketModels.swift */; };
		C10000000000000000000002 /* PolymarketService.swift in Sources */ = {isa = PBXBuildFile; fileRef = C10000000000000000000102 /* PolymarketService.swift */; };
		C10000000000000000000003 /* PolymarketSearchViewModel.swift in Sources */ = {isa = PBXBuildFile; fileRef = C10000000000000000000103 /* PolymarketSearchViewModel.swift */; };
		C10000000000000000000004 /* ChartPlot.swift in Sources */ = {isa = PBXBuildFile; fileRef = C10000000000000000000104 /* ChartPlot.swift */; };
		C10000000000000000000005 /* ChartStyle.swift in Sources */ = {isa = PBXBuildFile; fileRef = C10000000000000000000105 /* ChartStyle.swift */; };
		C10000000000000000000006 /* LineChartView.swift in Sources */ = {isa = PBXBuildFile; fileRef = C10000000000000000000106 /* LineChartView.swift */; };
		C10000000000000000000007 /* PolymarketResultRow.swift in Sources */ = {isa = PBXBuildFile; fileRef = C10000000000000000000107 /* PolymarketResultRow.swift */; };
		C10000000000000000000008 /* SearchPane.swift in Sources */ = {isa = PBXBuildFile; fileRef = C10000000000000000000108 /* SearchPane.swift */; };
		C10000000000000000000009 /* SearchDebouncer.swift in Sources */ = {isa = PBXBuildFile; fileRef = C10000000000000000000109 /* SearchDebouncer.swift */; };
		A00000000000000000000013 /* BinanceWebSocketService.swift in Sources */ = {isa = PBXBuildFile; fileRef = A00000000000000000000114 /* BinanceWebSocketService.swift */; };
		A00000000000000000000014 /* SavedView.swift in Sources */ = {isa = PBXBuildFile; fileRef = A00000000000000000000115 /* SavedView.swift */; };
		A00000000000000000000016 /* IconResolver.swift in Sources */ = {isa = PBXBuildFile; fileRef = A00000000000000000000117 /* IconResolver.swift */; };
		A00000000000000000000017 /* DataSourceType.swift in Sources */ = {isa = PBXBuildFile; fileRef = A00000000000000000000118 /* DataSourceType.swift */; };
		A00000000000000000000018 /* TickerDataSource.swift in Sources */ = {isa = PBXBuildFile; fileRef = A00000000000000000000119 /* TickerDataSource.swift */; };
		A00000000000000000000019 /* CoinGeckoAPIService.swift in Sources */ = {isa = PBXBuildFile; fileRef = A0000000000000000000011A /* CoinGeckoAPIService.swift */; };
		A0000000000000000000001D /* CGRateLimiter.swift in Sources */ = {isa = PBXBuildFile; fileRef = A0000000000000000000011E /* CGRateLimiter.swift */; };
		A00000000000000000000901 /* GeckoTerminalService.swift in Sources */ = {isa = PBXBuildFile; fileRef = A00000000000000000000902 /* GeckoTerminalService.swift */; };
		A00000000000000000000903 /* Indicators.swift in Sources */ = {isa = PBXBuildFile; fileRef = A00000000000000000000904 /* Indicators.swift */; };
		A00000000000000000000905 /* TrendLine.swift in Sources */ = {isa = PBXBuildFile; fileRef = A00000000000000000000906 /* TrendLine.swift */; };
		A00000000000000000000907 /* ToolSidebar.swift in Sources */ = {isa = PBXBuildFile; fileRef = A00000000000000000000908 /* ToolSidebar.swift */; };
		A00000000000000000000909 /* Crosshair.swift in Sources */ = {isa = PBXBuildFile; fileRef = A0000000000000000000090A /* Crosshair.swift */; };
		A0000000000000000000001E /* TickerIconView.swift in Sources */ = {isa = PBXBuildFile; fileRef = A0000000000000000000011F /* TickerIconView.swift */; };
		A0000000000000000000001A /* DEXScreenerService.swift in Sources */ = {isa = PBXBuildFile; fileRef = A0000000000000000000011B /* DEXScreenerService.swift */; };
		A0000000000000000000001B /* ChartSettingsSheet.swift in Sources */ = {isa = PBXBuildFile; fileRef = A0000000000000000000011C /* ChartSettingsSheet.swift */; };
		A0000000000000000000001C /* ColorHex.swift in Sources */ = {isa = PBXBuildFile; fileRef = A0000000000000000000011D /* ColorHex.swift */; };
		A8264FDDEB83050C431DE260 /* SearchResultRow.swift in Sources */ = {isa = PBXBuildFile; fileRef = 808E1370CBBDF7B875C17D9D /* SearchResultRow.swift */; };
		E274692C02A7CF2744AA19E6 /* Comparable+Clamped.swift in Sources */ = {isa = PBXBuildFile; fileRef = 9AB4301ACD00B5A586820208 /* Comparable+Clamped.swift */; };
		A0000000000000000000041A /* WindowFrame.swift in Sources */ = {isa = PBXBuildFile; fileRef = A0000000000000000000041B /* WindowFrame.swift */; };
		E777DD8DE100A21A8EB9D22A /* JSONStore.swift in Sources */ = {isa = PBXBuildFile; fileRef = DC402F9B4B39FBF3A4F0D4BE /* JSONStore.swift */; };
		E9BFE5EDD08EFDF1A8799293 /* PriceFormatter.swift in Sources */ = {isa = PBXBuildFile; fileRef = 763ED08073ED0807493107C6 /* PriceFormatter.swift */; };
		F30000000000000000000008 /* PaperTradingFormatter.swift in Sources */ = {isa = PBXBuildFile; fileRef = F30000000000000000000108 /* PaperTradingFormatter.swift */; };
		D10000000000000000000001 /* ChartTab.swift in Sources */ = {isa = PBXBuildFile; fileRef = D10000000000000000000101 /* ChartTab.swift */; };
		D10000000000000000000002 /* TabsStore.swift in Sources */ = {isa = PBXBuildFile; fileRef = D10000000000000000000102 /* TabsStore.swift */; };
		D10000000000000000000003 /* WindowCoordinator.swift in Sources */ = {isa = PBXBuildFile; fileRef = D10000000000000000000103 /* WindowCoordinator.swift */; };
		D10000000000000000000004 /* WindowAccessor.swift in Sources */ = {isa = PBXBuildFile; fileRef = D10000000000000000000104 /* WindowAccessor.swift */; };
		E20000000000000000000001 /* AlpacaCredentials.swift in Sources */ = {isa = PBXBuildFile; fileRef = E20000000000000000000101 /* AlpacaCredentials.swift */; };
		E20000000000000000000002 /* AlpacaAPIService.swift in Sources */ = {isa = PBXBuildFile; fileRef = E20000000000000000000102 /* AlpacaAPIService.swift */; };
		E20000000000000000000003 /* AlpacaWebSocketService.swift in Sources */ = {isa = PBXBuildFile; fileRef = E20000000000000000000103 /* AlpacaWebSocketService.swift */; };
		E20000000000000000000004 /* AppSettingsView.swift in Sources */ = {isa = PBXBuildFile; fileRef = E20000000000000000000104 /* AppSettingsView.swift */; };
		F20000000000000000000001 /* DrawingStore.swift in Sources */ = {isa = PBXBuildFile; fileRef = F20000000000000000000101 /* DrawingStore.swift */; };
		E30000000000000000000001 /* ReplaySession.swift in Sources */ = {isa = PBXBuildFile; fileRef = E30000000000000000000101 /* ReplaySession.swift */; };
		E30000000000000000000002 /* ReplayEngine.swift in Sources */ = {isa = PBXBuildFile; fileRef = E30000000000000000000102 /* ReplayEngine.swift */; };
		E30000000000000000000003 /* ReplayControlBar.swift in Sources */ = {isa = PBXBuildFile; fileRef = E30000000000000000000103 /* ReplayControlBar.swift */; };
		F30000000000000000000001 /* PaperTradingModels.swift in Sources */ = {isa = PBXBuildFile; fileRef = F30000000000000000000101 /* PaperTradingModels.swift */; };
		F30000000000000000000002 /* PaperTradingEngine.swift in Sources */ = {isa = PBXBuildFile; fileRef = F30000000000000000000102 /* PaperTradingEngine.swift */; };
		F30000000000000000000003 /* PaperTradingStore.swift in Sources */ = {isa = PBXBuildFile; fileRef = F30000000000000000000103 /* PaperTradingStore.swift */; };
		F30000000000000000000004 /* PaperOrderTicketSheet.swift in Sources */ = {isa = PBXBuildFile; fileRef = F30000000000000000000104 /* PaperOrderTicketSheet.swift */; };
		F30000000000000000000005 /* PaperAccountManagerView.swift in Sources */ = {isa = PBXBuildFile; fileRef = F30000000000000000000105 /* PaperAccountManagerView.swift */; };
		F30000000000000000000007 /* PaperChartTradingOverlay.swift in Sources */ = {isa = PBXBuildFile; fileRef = F30000000000000000000107 /* PaperChartTradingOverlay.swift */; };
/* End PBXBuildFile section */

/* Begin PBXContainerItemProxy section */
		BA1000000000000000000201 /* PBXContainerItemProxy */ = {isa = PBXContainerItemProxy; containerPortal = A00000000000000000000701 /* Project object */; proxyType = 1; remoteGlobalIDString = BA1000000000000000000401; remoteInfo = DegenViewAlertAgent; };
		E40000000000000000000201 /* PBXContainerItemProxy */ = {
			isa = PBXContainerItemProxy;
			containerPortal = A00000000000000000000701 /* Project object */;
			proxyType = 1;
			remoteGlobalIDString = A00000000000000000000401;
			remoteInfo = DegenView;
		};
/* End PBXContainerItemProxy section */

/* Begin PBXFileReference section */
		SM0000000000000000000106 /* ScriptStoreTests.swift */ = {isa = PBXFileReference; lastKnownFileType = sourcecode.swift; path = ScriptStoreTests.swift; sourceTree = "<group>"; };
		SM0000000000000000000101 /* ScriptStore.swift */ = {isa = PBXFileReference; lastKnownFileType = sourcecode.swift; path = ScriptStore.swift; sourceTree = "<group>"; };
		SM0000000000000000000102 /* ScriptManagerViewModel.swift */ = {isa = PBXFileReference; lastKnownFileType = sourcecode.swift; path = ScriptManagerViewModel.swift; sourceTree = "<group>"; };
		SM0000000000000000000103 /* ScriptEditorViewModel.swift */ = {isa = PBXFileReference; lastKnownFileType = sourcecode.swift; path = ScriptEditorViewModel.swift; sourceTree = "<group>"; };
		SM0000000000000000000104 /* ScriptManagerView.swift */ = {isa = PBXFileReference; lastKnownFileType = sourcecode.swift; path = ScriptManagerView.swift; sourceTree = "<group>"; };
		SM0000000000000000000105 /* ScriptEditorView.swift */ = {isa = PBXFileReference; lastKnownFileType = sourcecode.swift; path = ScriptEditorView.swift; sourceTree = "<group>"; };
		SM0000000000000000000107 /* LineNumberedTextEditorView.swift */ = {isa = PBXFileReference; lastKnownFileType = sourcecode.swift; path = LineNumberedTextEditorView.swift; sourceTree = "<group>"; };
		P10000000000000000000104 /* PineEngineTests.swift */ = {isa = PBXFileReference; lastKnownFileType = sourcecode.swift; path = PineEngineTests.swift; sourceTree = "<group>"; };
		P10000000000000000000101 /* PineModels.swift */ = {isa = PBXFileReference; lastKnownFileType = sourcecode.swift; path = PineModels.swift; sourceTree = "<group>"; };
		P10000000000000000000102 /* PineEngine.swift */ = {isa = PBXFileReference; lastKnownFileType = sourcecode.swift; path = PineEngine.swift; sourceTree = "<group>"; };
		P10000000000000000000103 /* PineRuntime.swift */ = {isa = PBXFileReference; lastKnownFileType = sourcecode.swift; path = PineRuntime.swift; sourceTree = "<group>"; };
		C50000000000000000000107 /* BinanceWebSocketServiceTests.swift */ = {isa = PBXFileReference; lastKnownFileType = sourcecode.swift; path = BinanceWebSocketServiceTests.swift; sourceTree = "<group>"; };
		C50000000000000000000106 /* KlineDataTests.swift */ = {isa = PBXFileReference; lastKnownFileType = sourcecode.swift; path = KlineDataTests.swift; sourceTree = "<group>"; };
		C50000000000000000000101 /* JSONStoreTests.swift */ = {isa = PBXFileReference; lastKnownFileType = sourcecode.swift; path = JSONStoreTests.swift; sourceTree = "<group>"; };
		C50000000000000000000102 /* ChartViewModelFetchTests.swift */ = {isa = PBXFileReference; lastKnownFileType = sourcecode.swift; path = ChartViewModelFetchTests.swift; sourceTree = "<group>"; };
		C50000000000000000000103 /* ChartPlotTests.swift */ = {isa = PBXFileReference; lastKnownFileType = sourcecode.swift; path = ChartPlotTests.swift; sourceTree = "<group>"; };
		C50000000000000000000104 /* IndicatorsTests.swift */ = {isa = PBXFileReference; lastKnownFileType = sourcecode.swift; path = IndicatorsTests.swift; sourceTree = "<group>"; };
		C50000000000000000000105 /* KlineCacheTests.swift */ = {isa = PBXFileReference; lastKnownFileType = sourcecode.swift; path = KlineCacheTests.swift; sourceTree = "<group>"; };
		B90000000000000000000108 /* LocalPriceAlertEngineTests.swift */ = {isa = PBXFileReference; lastKnownFileType = sourcecode.swift; path = LocalPriceAlertEngineTests.swift; sourceTree = "<group>"; };
		B90000000000000000000101 /* PriceAlertModels.swift */ = {isa = PBXFileReference; lastKnownFileType = sourcecode.swift; path = PriceAlertModels.swift; sourceTree = "<group>"; };
		B90000000000000000000102 /* LocalPriceAlertEngine.swift */ = {isa = PBXFileReference; lastKnownFileType = sourcecode.swift; path = LocalPriceAlertEngine.swift; sourceTree = "<group>"; };
		B90000000000000000000103 /* FXRateService.swift */ = {isa = PBXFileReference; lastKnownFileType = sourcecode.swift; path = FXRateService.swift; sourceTree = "<group>"; };
		B90000000000000000000104 /* MarketQuoteCoordinator.swift */ = {isa = PBXFileReference; lastKnownFileType = sourcecode.swift; path = MarketQuoteCoordinator.swift; sourceTree = "<group>"; };
		B90000000000000000000105 /* AlertStore.swift */ = {isa = PBXFileReference; lastKnownFileType = sourcecode.swift; path = AlertStore.swift; sourceTree = "<group>"; };
		B90000000000000000000106 /* PriceAlertEditor.swift */ = {isa = PBXFileReference; lastKnownFileType = sourcecode.swift; path = PriceAlertEditor.swift; sourceTree = "<group>"; };
		B90000000000000000000107 /* AlertsCenterView.swift */ = {isa = PBXFileReference; lastKnownFileType = sourcecode.swift; path = AlertsCenterView.swift; sourceTree = "<group>"; };
		BA0000000000000000000101 /* AlertRuntimePersistence.swift */ = {isa = PBXFileReference; lastKnownFileType = sourcecode.swift; path = AlertRuntimePersistence.swift; sourceTree = "<group>"; };
		BA0000000000000000000102 /* AlertRuntimeHost.swift */ = {isa = PBXFileReference; lastKnownFileType = sourcecode.swift; path = AlertRuntimeHost.swift; sourceTree = "<group>"; };
		BA0000000000000000000103 /* AlertBackgroundService.swift */ = {isa = PBXFileReference; lastKnownFileType = sourcecode.swift; path = AlertBackgroundService.swift; sourceTree = "<group>"; };
		BA1000000000000000000101 /* AlertAgentMain.swift */ = {isa = PBXFileReference; lastKnownFileType = sourcecode.swift; path = AlertAgentMain.swift; sourceTree = "<group>"; };
		BA1000000000000000000102 /* DegenViewAlertAgent.app */ = {isa = PBXFileReference; explicitFileType = wrapper.application; includeInIndex = 0; path = DegenViewAlertAgent.app; sourceTree = BUILT_PRODUCTS_DIR; };
		BA1000000000000000000103 /* DegenViewAlertAgent.entitlements */ = {isa = PBXFileReference; lastKnownFileType = text.plist.entitlements; path = DegenViewAlertAgent.entitlements; sourceTree = "<group>"; };
		BA1000000000000000000104 /* DegenView.entitlements */ = {isa = PBXFileReference; lastKnownFileType = text.plist.entitlements; path = DegenView.entitlements; sourceTree = "<group>"; };
		AA1000000000000000000107 /* PortfolioAccountingEngineTests.swift */ = {isa = PBXFileReference; lastKnownFileType = sourcecode.swift; path = PortfolioAccountingEngineTests.swift; sourceTree = "<group>"; };
		AA1000000000000000000108 /* PortfolioTabView.swift */ = {isa = PBXFileReference; lastKnownFileType = sourcecode.swift; path = PortfolioTabView.swift; sourceTree = "<group>"; };
		AA1000000000000000000109 /* PortfolioAssetAutoMapper.swift */ = {isa = PBXFileReference; lastKnownFileType = sourcecode.swift; path = PortfolioAssetAutoMapper.swift; sourceTree = "<group>"; };
		AA1000000000000000000101 /* PortfolioModels.swift */ = {isa = PBXFileReference; lastKnownFileType = sourcecode.swift; path = PortfolioModels.swift; sourceTree = "<group>"; };
		AA2000000000000000000101 /* PortfolioValueChange.swift */ = {isa = PBXFileReference; lastKnownFileType = sourcecode.swift; path = PortfolioValueChange.swift; sourceTree = "<group>"; };
		AA1000000000000000000102 /* PortfolioAccountingEngine.swift */ = {isa = PBXFileReference; lastKnownFileType = sourcecode.swift; path = PortfolioAccountingEngine.swift; sourceTree = "<group>"; };
		AA1000000000000000000103 /* PortfolioLedger.swift */ = {isa = PBXFileReference; lastKnownFileType = sourcecode.swift; path = PortfolioLedger.swift; sourceTree = "<group>"; };
		AA1000000000000000000104 /* PortfolioStore.swift */ = {isa = PBXFileReference; lastKnownFileType = sourcecode.swift; path = PortfolioStore.swift; sourceTree = "<group>"; };
		AA1000000000000000000105 /* PortfolioCSVService.swift */ = {isa = PBXFileReference; lastKnownFileType = sourcecode.swift; path = PortfolioCSVService.swift; sourceTree = "<group>"; };
		AA1000000000000000000106 /* PortfolioDashboardView.swift */ = {isa = PBXFileReference; lastKnownFileType = sourcecode.swift; path = PortfolioDashboardView.swift; sourceTree = "<group>"; };
		E40000000000000000000101 /* ReplayEngineTests.swift */ = {isa = PBXFileReference; lastKnownFileType = sourcecode.swift; path = ReplayEngineTests.swift; sourceTree = "<group>"; };
		F30000000000000000000106 /* PaperTradingEngineTests.swift */ = {isa = PBXFileReference; lastKnownFileType = sourcecode.swift; path = PaperTradingEngineTests.swift; sourceTree = "<group>"; };
		E40000000000000000000102 /* DegenViewTests.xctest */ = {isa = PBXFileReference; explicitFileType = wrapper.cfbundle; includeInIndex = 0; path = DegenViewTests.xctest; sourceTree = BUILT_PRODUCTS_DIR; };
		1A7A9FF7FE2582A9CD3DFB94 /* Constants.swift */ = {isa = PBXFileReference; includeInIndex = 1; lastKnownFileType = sourcecode.swift; path = Constants.swift; sourceTree = "<group>"; };
		26162A9C17DCE8969A3E56B8 /* ReorderDropDelegate.swift */ = {isa = PBXFileReference; includeInIndex = 1; lastKnownFileType = sourcecode.swift; path = ReorderDropDelegate.swift; sourceTree = "<group>"; };
		763ED08073ED0807493107C6 /* PriceFormatter.swift */ = {isa = PBXFileReference; includeInIndex = 1; lastKnownFileType = sourcecode.swift; path = PriceFormatter.swift; sourceTree = "<group>"; };
		F30000000000000000000108 /* PaperTradingFormatter.swift */ = {isa = PBXFileReference; lastKnownFileType = sourcecode.swift; path = PaperTradingFormatter.swift; sourceTree = "<group>"; };
		808E1370CBBDF7B875C17D9D /* SearchResultRow.swift */ = {isa = PBXFileReference; includeInIndex = 1; lastKnownFileType = sourcecode.swift; path = SearchResultRow.swift; sourceTree = "<group>"; };
		9AB4301ACD00B5A586820208 /* Comparable+Clamped.swift */ = {isa = PBXFileReference; includeInIndex = 1; lastKnownFileType = sourcecode.swift; path = "Comparable+Clamped.swift"; sourceTree = "<group>"; };
		A00000000000000000000101 /* DegenViewApp.swift */ = {isa = PBXFileReference; lastKnownFileType = sourcecode.swift; path = DegenViewApp.swift; sourceTree = "<group>"; };
		A00000000000000000000102 /* ContentView.swift */ = {isa = PBXFileReference; lastKnownFileType = sourcecode.swift; path = ContentView.swift; sourceTree = "<group>"; };
		A00000000000000000000103 /* KlineData.swift */ = {isa = PBXFileReference; lastKnownFileType = sourcecode.swift; path = KlineData.swift; sourceTree = "<group>"; };
		A00000000000000000000104 /* TimeRange.swift */ = {isa = PBXFileReference; lastKnownFileType = sourcecode.swift; path = TimeRange.swift; sourceTree = "<group>"; };
		A00000000000000000000105 /* SymbolInfo.swift */ = {isa = PBXFileReference; lastKnownFileType = sourcecode.swift; path = SymbolInfo.swift; sourceTree = "<group>"; };
		A00000000000000000000106 /* BinanceAPIService.swift */ = {isa = PBXFileReference; lastKnownFileType = sourcecode.swift; path = BinanceAPIService.swift; sourceTree = "<group>"; };
		A00000000000000000000108 /* ChartViewModel.swift */ = {isa = PBXFileReference; lastKnownFileType = sourcecode.swift; path = ChartViewModel.swift; sourceTree = "<group>"; };
		A00000000000000000000109 /* ContentViewModel.swift */ = {isa = PBXFileReference; lastKnownFileType = sourcecode.swift; path = ContentViewModel.swift; sourceTree = "<group>"; };
		A0000000000000000000010A /* ChartCardView.swift */ = {isa = PBXFileReference; lastKnownFileType = sourcecode.swift; path = ChartCardView.swift; sourceTree = "<group>"; };
		A0000000000000000000010B /* AddTickerSheet.swift */ = {isa = PBXFileReference; lastKnownFileType = sourcecode.swift; path = AddTickerSheet.swift; sourceTree = "<group>"; };
		F10000000000000000000101 /* FavoriteItem.swift */ = {isa = PBXFileReference; lastKnownFileType = sourcecode.swift; path = FavoriteItem.swift; sourceTree = "<group>"; };
		F10000000000000000000102 /* FavoritesStore.swift */ = {isa = PBXFileReference; lastKnownFileType = sourcecode.swift; path = FavoritesStore.swift; sourceTree = "<group>"; };
		F10000000000000000000103 /* FavoritesSidebar.swift */ = {isa = PBXFileReference; lastKnownFileType = sourcecode.swift; path = FavoritesSidebar.swift; sourceTree = "<group>"; };
		A0000000000000000000010D /* EmptyStateView.swift */ = {isa = PBXFileReference; lastKnownFileType = sourcecode.swift; path = EmptyStateView.swift; sourceTree = "<group>"; };
		A0000000000000000000010E /* MockData.swift */ = {isa = PBXFileReference; lastKnownFileType = sourcecode.swift; path = MockData.swift; sourceTree = "<group>"; };
		A0000000000000000000010F /* Assets.xcassets */ = {isa = PBXFileReference; lastKnownFileType = folder.assetcatalog; path = Assets.xcassets; sourceTree = "<group>"; };
		A00000000000000000000110 /* DegenView.app */ = {isa = PBXFileReference; explicitFileType = wrapper.application; includeInIndex = 0; path = DegenView.app; sourceTree = BUILT_PRODUCTS_DIR; };
		A00000000000000000000112 /* CandleChartView.swift */ = {isa = PBXFileReference; lastKnownFileType = sourcecode.swift; path = CandleChartView.swift; sourceTree = "<group>"; };
		C10000000000000000000101 /* PolymarketModels.swift */ = {isa = PBXFileReference; lastKnownFileType = sourcecode.swift; path = PolymarketModels.swift; sourceTree = "<group>"; };
		C10000000000000000000102 /* PolymarketService.swift */ = {isa = PBXFileReference; lastKnownFileType = sourcecode.swift; path = PolymarketService.swift; sourceTree = "<group>"; };
		C10000000000000000000103 /* PolymarketSearchViewModel.swift */ = {isa = PBXFileReference; lastKnownFileType = sourcecode.swift; path = PolymarketSearchViewModel.swift; sourceTree = "<group>"; };
		C10000000000000000000104 /* ChartPlot.swift */ = {isa = PBXFileReference; lastKnownFileType = sourcecode.swift; path = ChartPlot.swift; sourceTree = "<group>"; };
		C10000000000000000000105 /* ChartStyle.swift */ = {isa = PBXFileReference; lastKnownFileType = sourcecode.swift; path = ChartStyle.swift; sourceTree = "<group>"; };
		C10000000000000000000106 /* LineChartView.swift */ = {isa = PBXFileReference; lastKnownFileType = sourcecode.swift; path = LineChartView.swift; sourceTree = "<group>"; };
		C10000000000000000000107 /* PolymarketResultRow.swift */ = {isa = PBXFileReference; lastKnownFileType = sourcecode.swift; path = PolymarketResultRow.swift; sourceTree = "<group>"; };
		C10000000000000000000108 /* SearchPane.swift */ = {isa = PBXFileReference; lastKnownFileType = sourcecode.swift; path = SearchPane.swift; sourceTree = "<group>"; };
		C10000000000000000000109 /* SearchDebouncer.swift */ = {isa = PBXFileReference; lastKnownFileType = sourcecode.swift; path = SearchDebouncer.swift; sourceTree = "<group>"; };
		A00000000000000000000114 /* BinanceWebSocketService.swift */ = {isa = PBXFileReference; lastKnownFileType = sourcecode.swift; path = BinanceWebSocketService.swift; sourceTree = "<group>"; };
		A00000000000000000000115 /* SavedView.swift */ = {isa = PBXFileReference; lastKnownFileType = sourcecode.swift; path = SavedView.swift; sourceTree = "<group>"; };
		A00000000000000000000117 /* IconResolver.swift */ = {isa = PBXFileReference; lastKnownFileType = sourcecode.swift; path = IconResolver.swift; sourceTree = "<group>"; };
		A00000000000000000000118 /* DataSourceType.swift */ = {isa = PBXFileReference; lastKnownFileType = sourcecode.swift; path = DataSourceType.swift; sourceTree = "<group>"; };
		A00000000000000000000119 /* TickerDataSource.swift */ = {isa = PBXFileReference; lastKnownFileType = sourcecode.swift; path = TickerDataSource.swift; sourceTree = "<group>"; };
		A0000000000000000000011A /* CoinGeckoAPIService.swift */ = {isa = PBXFileReference; lastKnownFileType = sourcecode.swift; path = CoinGeckoAPIService.swift; sourceTree = "<group>"; };
		A0000000000000000000011E /* CGRateLimiter.swift */ = {isa = PBXFileReference; lastKnownFileType = sourcecode.swift; path = CGRateLimiter.swift; sourceTree = "<group>"; };
		A00000000000000000000902 /* GeckoTerminalService.swift */ = {isa = PBXFileReference; lastKnownFileType = sourcecode.swift; path = GeckoTerminalService.swift; sourceTree = "<group>"; };
		A00000000000000000000904 /* Indicators.swift */ = {isa = PBXFileReference; lastKnownFileType = sourcecode.swift; path = Indicators.swift; sourceTree = "<group>"; };
		A00000000000000000000906 /* TrendLine.swift */ = {isa = PBXFileReference; lastKnownFileType = sourcecode.swift; path = TrendLine.swift; sourceTree = "<group>"; };
		A00000000000000000000908 /* ToolSidebar.swift */ = {isa = PBXFileReference; lastKnownFileType = sourcecode.swift; path = ToolSidebar.swift; sourceTree = "<group>"; };
		A0000000000000000000090A /* Crosshair.swift */ = {isa = PBXFileReference; lastKnownFileType = sourcecode.swift; path = Crosshair.swift; sourceTree = "<group>"; };
		A0000000000000000000011F /* TickerIconView.swift */ = {isa = PBXFileReference; lastKnownFileType = sourcecode.swift; path = TickerIconView.swift; sourceTree = "<group>"; };
		A0000000000000000000011B /* DEXScreenerService.swift */ = {isa = PBXFileReference; lastKnownFileType = sourcecode.swift; path = DEXScreenerService.swift; sourceTree = "<group>"; };
		A0000000000000000000011C /* ChartSettingsSheet.swift */ = {isa = PBXFileReference; lastKnownFileType = sourcecode.swift; path = ChartSettingsSheet.swift; sourceTree = "<group>"; };
		A0000000000000000000011D /* ColorHex.swift */ = {isa = PBXFileReference; lastKnownFileType = sourcecode.swift; path = ColorHex.swift; sourceTree = "<group>"; };
		A0000000000000000000041B /* WindowFrame.swift */ = {isa = PBXFileReference; lastKnownFileType = sourcecode.swift; path = WindowFrame.swift; sourceTree = "<group>"; };
		CF4F0861ED57FFD15CBF8E0D /* DateFormat+Extensions.swift */ = {isa = PBXFileReference; includeInIndex = 1; lastKnownFileType = sourcecode.swift; path = "DateFormat+Extensions.swift"; sourceTree = "<group>"; };
		D7BF0A39943224E6FE7AB590 /* AppSupport.swift */ = {isa = PBXFileReference; includeInIndex = 1; lastKnownFileType = sourcecode.swift; path = AppSupport.swift; sourceTree = "<group>"; };
		DC402F9B4B39FBF3A4F0D4BE /* JSONStore.swift */ = {isa = PBXFileReference; includeInIndex = 1; lastKnownFileType = sourcecode.swift; path = JSONStore.swift; sourceTree = "<group>"; };
		E167CD7B739B528C0792D361 /* KlineCache.swift */ = {isa = PBXFileReference; includeInIndex = 1; lastKnownFileType = sourcecode.swift; path = KlineCache.swift; sourceTree = "<group>"; };
		62da476d2ea14915af7cffe9 /* ImageCache.swift */ = {isa = PBXFileReference; includeInIndex = 1; lastKnownFileType = sourcecode.swift; path = ImageCache.swift; sourceTree = "<group>"; };
		B10000000000000000000101 /* CoinGeckoProvisionalStore.swift */ = {isa = PBXFileReference; includeInIndex = 1; lastKnownFileType = sourcecode.swift; path = CoinGeckoProvisionalStore.swift; sourceTree = "<group>"; };
		E60CA374E62AB0BAD0D6D6DD /* TickerSearchViewModel.swift */ = {isa = PBXFileReference; includeInIndex = 1; lastKnownFileType = sourcecode.swift; path = TickerSearchViewModel.swift; sourceTree = "<group>"; };
		D10000000000000000000101 /* ChartTab.swift */ = {isa = PBXFileReference; lastKnownFileType = sourcecode.swift; path = ChartTab.swift; sourceTree = "<group>"; };
		D10000000000000000000102 /* TabsStore.swift */ = {isa = PBXFileReference; lastKnownFileType = sourcecode.swift; path = TabsStore.swift; sourceTree = "<group>"; };
		D10000000000000000000103 /* WindowCoordinator.swift */ = {isa = PBXFileReference; lastKnownFileType = sourcecode.swift; path = WindowCoordinator.swift; sourceTree = "<group>"; };
		D10000000000000000000104 /* WindowAccessor.swift */ = {isa = PBXFileReference; lastKnownFileType = sourcecode.swift; path = WindowAccessor.swift; sourceTree = "<group>"; };
		E20000000000000000000101 /* AlpacaCredentials.swift */ = {isa = PBXFileReference; lastKnownFileType = sourcecode.swift; path = AlpacaCredentials.swift; sourceTree = "<group>"; };
		E20000000000000000000102 /* AlpacaAPIService.swift */ = {isa = PBXFileReference; lastKnownFileType = sourcecode.swift; path = AlpacaAPIService.swift; sourceTree = "<group>"; };
		E20000000000000000000103 /* AlpacaWebSocketService.swift */ = {isa = PBXFileReference; lastKnownFileType = sourcecode.swift; path = AlpacaWebSocketService.swift; sourceTree = "<group>"; };
		E20000000000000000000104 /* AppSettingsView.swift */ = {isa = PBXFileReference; lastKnownFileType = sourcecode.swift; path = AppSettingsView.swift; sourceTree = "<group>"; };
		F20000000000000000000101 /* DrawingStore.swift */ = {isa = PBXFileReference; lastKnownFileType = sourcecode.swift; path = DrawingStore.swift; sourceTree = "<group>"; };
		E30000000000000000000101 /* ReplaySession.swift */ = {isa = PBXFileReference; lastKnownFileType = sourcecode.swift; path = ReplaySession.swift; sourceTree = "<group>"; };
		E30000000000000000000102 /* ReplayEngine.swift */ = {isa = PBXFileReference; lastKnownFileType = sourcecode.swift; path = ReplayEngine.swift; sourceTree = "<group>"; };
		E30000000000000000000103 /* ReplayControlBar.swift */ = {isa = PBXFileReference; lastKnownFileType = sourcecode.swift; path = ReplayControlBar.swift; sourceTree = "<group>"; };
		F30000000000000000000101 /* PaperTradingModels.swift */ = {isa = PBXFileReference; lastKnownFileType = sourcecode.swift; path = PaperTradingModels.swift; sourceTree = "<group>"; };
		F30000000000000000000102 /* PaperTradingEngine.swift */ = {isa = PBXFileReference; lastKnownFileType = sourcecode.swift; path = PaperTradingEngine.swift; sourceTree = "<group>"; };
		F30000000000000000000103 /* PaperTradingStore.swift */ = {isa = PBXFileReference; lastKnownFileType = sourcecode.swift; path = PaperTradingStore.swift; sourceTree = "<group>"; };
		F30000000000000000000104 /* PaperOrderTicketSheet.swift */ = {isa = PBXFileReference; lastKnownFileType = sourcecode.swift; path = PaperOrderTicketSheet.swift; sourceTree = "<group>"; };
		F30000000000000000000105 /* PaperAccountManagerView.swift */ = {isa = PBXFileReference; lastKnownFileType = sourcecode.swift; path = PaperAccountManagerView.swift; sourceTree = "<group>"; };
		F30000000000000000000107 /* PaperChartTradingOverlay.swift */ = {isa = PBXFileReference; lastKnownFileType = sourcecode.swift; path = PaperChartTradingOverlay.swift; sourceTree = "<group>"; };
/* End PBXFileReference section */

/* Begin PBXFrameworksBuildPhase section */
		BA1000000000000000000301 /* Frameworks */ = {isa = PBXFrameworksBuildPhase; buildActionMask = 2147483647; files = (); runOnlyForDeploymentPostprocessing = 0; };
		E40000000000000000000301 /* Frameworks */ = {
			isa = PBXFrameworksBuildPhase;
			buildActionMask = 2147483647;
			files = ();
			runOnlyForDeploymentPostprocessing = 0;
		};
		A00000000000000000000201 /* Frameworks */ = {
			isa = PBXFrameworksBuildPhase;
			buildActionMask = 2147483647;
			files = (
			);
			runOnlyForDeploymentPostprocessing = 0;
		};
/* End PBXFrameworksBuildPhase section */

/* Begin PBXGroup section */
		27720E9AD19F30A5F3240B21 /* Core */ = {
			isa = PBXGroup;
			children = (
				1A7A9FF7FE2582A9CD3DFB94 /* Constants.swift */,
			);
			name = Core;
			path = Core;
			sourceTree = "<group>";
		};
		A00000000000000000000300 = {
			isa = PBXGroup;
			children = (
				A00000000000000000000301 /* DegenView */,
				BA1000000000000000000304 /* DegenViewAlertAgent */,
				E40000000000000000000401 /* DegenViewTests */,
				A00000000000000000000302 /* Products */,
			);
			sourceTree = "<group>";
		};
		A00000000000000000000301 /* DegenView */ = {
			isa = PBXGroup;
			children = (
				BA1000000000000000000104 /* DegenView.entitlements */,
				A00000000000000000000101 /* DegenViewApp.swift */,
				A00000000000000000000102 /* ContentView.swift */,
				A0000000000000000000010F /* Assets.xcassets */,
				A00000000000000000000310 /* Model */,
				A00000000000000000000311 /* Service */,
				A00000000000000000000312 /* ViewModel */,
				A00000000000000000000313 /* View */,
				A00000000000000000000314 /* Preview Content */,
				A00000000000000000000315 /* Util */,
				27720E9AD19F30A5F3240B21 /* Core */,
			);
			path = DegenView;
			sourceTree = "<group>";
		};
		A00000000000000000000302 /* Products */ = {
			isa = PBXGroup;
			children = (
				A00000000000000000000110 /* DegenView.app */,
				BA1000000000000000000102 /* DegenViewAlertAgent.app */,
				E40000000000000000000102 /* DegenViewTests.xctest */,
			);
			name = Products;
			sourceTree = "<group>";
		};
		BA1000000000000000000304 /* DegenViewAlertAgent */ = {isa = PBXGroup; children = (BA1000000000000000000101 /* AlertAgentMain.swift */, BA1000000000000000000103 /* DegenViewAlertAgent.entitlements */, ); path = DegenViewAlertAgent; sourceTree = "<group>"; };
		A00000000000000000000310 /* Model */ = {
			isa = PBXGroup;
			children = (
				P10000000000000000000101 /* PineModels.swift */,
				B90000000000000000000101 /* PriceAlertModels.swift */,
				AA1000000000000000000101 /* PortfolioModels.swift */,
				AA2000000000000000000101 /* PortfolioValueChange.swift */,
				F30000000000000000000101 /* PaperTradingModels.swift */,
				E30000000000000000000101 /* ReplaySession.swift */,
				F10000000000000000000101 /* FavoriteItem.swift */,
				A00000000000000000000103 /* KlineData.swift */,
				A00000000000000000000904 /* Indicators.swift */,
				A00000000000000000000906 /* TrendLine.swift */,
				A0000000000000000000090A /* Crosshair.swift */,
				A00000000000000000000104 /* TimeRange.swift */,
				A00000000000000000000105 /* SymbolInfo.swift */,
				A00000000000000000000115 /* SavedView.swift */,
				A00000000000000000000118 /* DataSourceType.swift */,
				C10000000000000000000101 /* PolymarketModels.swift */,
				D10000000000000000000101 /* ChartTab.swift */,
			);
			path = Model;
			sourceTree = "<group>";
		};
		A00000000000000000000311 /* Service */ = {
			isa = PBXGroup;
			children = (
				SM0000000000000000000101 /* ScriptStore.swift */,
				BA0000000000000000000101 /* AlertRuntimePersistence.swift */,
				BA0000000000000000000102 /* AlertRuntimeHost.swift */,
				BA0000000000000000000103 /* AlertBackgroundService.swift */,
				P10000000000000000000102 /* PineEngine.swift */,
				P10000000000000000000103 /* PineRuntime.swift */,
				B90000000000000000000102 /* LocalPriceAlertEngine.swift */,
				B90000000000000000000103 /* FXRateService.swift */,
				B90000000000000000000104 /* MarketQuoteCoordinator.swift */,
				AA1000000000000000000109 /* PortfolioAssetAutoMapper.swift */,
				AA1000000000000000000102 /* PortfolioAccountingEngine.swift */,
				AA1000000000000000000103 /* PortfolioLedger.swift */,
				AA1000000000000000000104 /* PortfolioStore.swift */,
				AA1000000000000000000105 /* PortfolioCSVService.swift */,
				F30000000000000000000102 /* PaperTradingEngine.swift */,
				F30000000000000000000103 /* PaperTradingStore.swift */,
				E30000000000000000000102 /* ReplayEngine.swift */,
				F10000000000000000000102 /* FavoritesStore.swift */,
				E20000000000000000000101 /* AlpacaCredentials.swift */,
				E20000000000000000000102 /* AlpacaAPIService.swift */,
				E20000000000000000000103 /* AlpacaWebSocketService.swift */,
				A00000000000000000000106 /* BinanceAPIService.swift */,
				A00000000000000000000114 /* BinanceWebSocketService.swift */,
				A00000000000000000000117 /* IconResolver.swift */,
				A0000000000000000000011E /* CGRateLimiter.swift */,
				A00000000000000000000119 /* TickerDataSource.swift */,
				A0000000000000000000011A /* CoinGeckoAPIService.swift */,
				A00000000000000000000902 /* GeckoTerminalService.swift */,
				B10000000000000000000101 /* CoinGeckoProvisionalStore.swift */,
				A0000000000000000000011B /* DEXScreenerService.swift */,
				C10000000000000000000102 /* PolymarketService.swift */,
				E167CD7B739B528C0792D361 /* KlineCache.swift */,
				62da476d2ea14915af7cffe9 /* ImageCache.swift */,
				DC402F9B4B39FBF3A4F0D4BE /* JSONStore.swift */,
				D10000000000000000000102 /* TabsStore.swift */,
				D10000000000000000000103 /* WindowCoordinator.swift */,
				F20000000000000000000101 /* DrawingStore.swift */,
			);
			path = Service;
			sourceTree = "<group>";
		};
		A00000000000000000000312 /* ViewModel */ = {
			isa = PBXGroup;
			children = (
				SM0000000000000000000102 /* ScriptManagerViewModel.swift */,
				SM0000000000000000000103 /* ScriptEditorViewModel.swift */,
				B90000000000000000000105 /* AlertStore.swift */,
				A00000000000000000000108 /* ChartViewModel.swift */,
				A00000000000000000000109 /* ContentViewModel.swift */,
				E60CA374E62AB0BAD0D6D6DD /* TickerSearchViewModel.swift */,
				C10000000000000000000103 /* PolymarketSearchViewModel.swift */,
			);
			path = ViewModel;
			sourceTree = "<group>";
		};
		A00000000000000000000313 /* View */ = {
			isa = PBXGroup;
			children = (
				SM0000000000000000000104 /* ScriptManagerView.swift */,
				SM0000000000000000000105 /* ScriptEditorView.swift */,
				SM0000000000000000000107 /* LineNumberedTextEditorView.swift */,
				B90000000000000000000106 /* PriceAlertEditor.swift */,
				B90000000000000000000107 /* AlertsCenterView.swift */,
				AA1000000000000000000108 /* PortfolioTabView.swift */,
				AA1000000000000000000106 /* PortfolioDashboardView.swift */,
				F30000000000000000000107 /* PaperChartTradingOverlay.swift */,
				F30000000000000000000104 /* PaperOrderTicketSheet.swift */,
				F30000000000000000000105 /* PaperAccountManagerView.swift */,
				E30000000000000000000103 /* ReplayControlBar.swift */,
				F10000000000000000000103 /* FavoritesSidebar.swift */,
				E20000000000000000000104 /* AppSettingsView.swift */,
				A0000000000000000000010A /* ChartCardView.swift */,
				A00000000000000000000908 /* ToolSidebar.swift */,
				A0000000000000000000011F /* TickerIconView.swift */,
				A0000000000000000000010B /* AddTickerSheet.swift */,
				A0000000000000000000010D /* EmptyStateView.swift */,
				A0000000000000000000011C /* ChartSettingsSheet.swift */,
				A00000000000000000000112 /* CandleChartView.swift */,
				C10000000000000000000106 /* LineChartView.swift */,
				C10000000000000000000104 /* ChartPlot.swift */,
				C10000000000000000000105 /* ChartStyle.swift */,
				26162A9C17DCE8969A3E56B8 /* ReorderDropDelegate.swift */,
				808E1370CBBDF7B875C17D9D /* SearchResultRow.swift */,
				C10000000000000000000107 /* PolymarketResultRow.swift */,
				C10000000000000000000108 /* SearchPane.swift */,
				D10000000000000000000104 /* WindowAccessor.swift */,
			);
			path = View;
			sourceTree = "<group>";
		};
		A00000000000000000000314 /* Preview Content */ = {
			isa = PBXGroup;
			children = (
				A0000000000000000000010E /* MockData.swift */,
			);
			path = "Preview Content";
			sourceTree = "<group>";
		};
		A00000000000000000000315 /* Util */ = {
			isa = PBXGroup;
			children = (
				F30000000000000000000108 /* PaperTradingFormatter.swift */,
				A0000000000000000000011D /* ColorHex.swift */,
				D7BF0A39943224E6FE7AB590 /* AppSupport.swift */,
				9AB4301ACD00B5A586820208 /* Comparable+Clamped.swift */,
				763ED08073ED0807493107C6 /* PriceFormatter.swift */,
				CF4F0861ED57FFD15CBF8E0D /* DateFormat+Extensions.swift */,
				C10000000000000000000109 /* SearchDebouncer.swift */,
				A0000000000000000000041B /* WindowFrame.swift */,
			);
			path = Util;
			sourceTree = "<group>";
		};
		E40000000000000000000401 /* DegenViewTests */ = {
			isa = PBXGroup;
			children = (
				SM0000000000000000000106 /* ScriptStoreTests.swift */,
				P10000000000000000000104 /* PineEngineTests.swift */,
				C50000000000000000000107 /* BinanceWebSocketServiceTests.swift */,
				C50000000000000000000106 /* KlineDataTests.swift */,
				C50000000000000000000101 /* JSONStoreTests.swift */,
				C50000000000000000000102 /* ChartViewModelFetchTests.swift */,
				C50000000000000000000103 /* ChartPlotTests.swift */,
				C50000000000000000000104 /* IndicatorsTests.swift */,
				C50000000000000000000105 /* KlineCacheTests.swift */,
				B90000000000000000000108 /* LocalPriceAlertEngineTests.swift */,
				AA1000000000000000000107 /* PortfolioAccountingEngineTests.swift */,
				F30000000000000000000106 /* PaperTradingEngineTests.swift */,
				E40000000000000000000101 /* ReplayEngineTests.swift */,
			);
			path = DegenViewTests;
			sourceTree = "<group>";
		};
/* End PBXGroup section */

/* Begin PBXNativeTarget section */
		BA1000000000000000000401 /* DegenViewAlertAgent */ = {
			isa = PBXNativeTarget;
			buildConfigurationList = BA1000000000000000000601 /* Build configuration list for PBXNativeTarget "DegenViewAlertAgent" */;
			buildPhases = (BA1000000000000000000501 /* Sources */, BA1000000000000000000301 /* Frameworks */, );
			buildRules = (); dependencies = (); name = DegenViewAlertAgent; productName = DegenViewAlertAgent;
			productReference = BA1000000000000000000102 /* DegenViewAlertAgent.app */; productType = "com.apple.product-type.application";
		};
		E40000000000000000000501 /* DegenViewTests */ = {
			isa = PBXNativeTarget;
			buildConfigurationList = E40000000000000000000601 /* Build configuration list for PBXNativeTarget "DegenViewTests" */;
			buildPhases = (
				E40000000000000000000302 /* Sources */,
				E40000000000000000000301 /* Frameworks */,
			);
			buildRules = ();
			dependencies = (
				E40000000000000000000202 /* PBXTargetDependency */,
			);
			name = DegenViewTests;
			productName = DegenViewTests;
			productReference = E40000000000000000000102 /* DegenViewTests.xctest */;
			productType = "com.apple.product-type.bundle.unit-test";
		};
		A00000000000000000000401 /* DegenView */ = {
			isa = PBXNativeTarget;
			buildConfigurationList = A00000000000000000000601 /* Build configuration list for PBXNativeTarget "DegenView" */;
			buildPhases = (
				A00000000000000000000501 /* Sources */,
				A00000000000000000000201 /* Frameworks */,
				A00000000000000000000502 /* Resources */,
				BA1000000000000000000502 /* Embed Login Items */,
			);
			buildRules = (
			);
			dependencies = (BA1000000000000000000202 /* PBXTargetDependency */, );
			name = DegenView;
			productName = DegenView;
			productReference = A00000000000000000000110 /* DegenView.app */;
			productType = "com.apple.product-type.application";
		};
/* End PBXNativeTarget section */

/* Begin PBXProject section */
		A00000000000000000000701 /* Project object */ = {
			isa = PBXProject;
			attributes = {
				BuildIndependentTargetsInParallel = 1;
				LastSwiftUpdateCheck = 1600;
				LastUpgradeCheck = 1600;
			TargetAttributes = {
					BA1000000000000000000401 = { CreatedOnToolsVersion = 16.0; };
					A00000000000000000000401 = {
						CreatedOnToolsVersion = 16.0;
					};
					E40000000000000000000501 = { CreatedOnToolsVersion = 16.0; TestTargetID = A00000000000000000000401; };
				};
			};
			buildConfigurationList = A00000000000000000000702 /* Build configuration list for PBXProject "DegenView" */;
			compatibilityVersion = "Xcode 14.0";
			developmentRegion = en;
			hasScannedForEncodings = 0;
			knownRegions = (
				en,
				Base,
			);
			mainGroup = A00000000000000000000300;
			productRefGroup = A00000000000000000000302 /* Products */;
			projectDirPath = "";
			projectRoot = "";
			targets = (
				A00000000000000000000401 /* DegenView */,
				BA1000000000000000000401 /* DegenViewAlertAgent */,
				E40000000000000000000501 /* DegenViewTests */,
			);
		};
/* End PBXProject section */

/* Begin PBXResourcesBuildPhase section */
		A00000000000000000000502 /* Resources */ = {
			isa = PBXResourcesBuildPhase;
			buildActionMask = 2147483647;
			files = (
				A0000000000000000000000F /* Assets.xcassets in Resources */,
			);
			runOnlyForDeploymentPostprocessing = 0;
		};
/* End PBXResourcesBuildPhase section */

/* Begin PBXCopyFilesBuildPhase section */
		BA1000000000000000000502 /* Embed Login Items */ = {isa = PBXCopyFilesBuildPhase; buildActionMask = 2147483647; dstPath = Contents/Library/LoginItems; dstSubfolderSpec = 1; files = (BA1000000000000000000002 /* DegenViewAlertAgent.app in Embed Login Items */, ); name = "Embed Login Items"; runOnlyForDeploymentPostprocessing = 0; };
/* End PBXCopyFilesBuildPhase section */

/* Begin PBXSourcesBuildPhase section */
		BA1000000000000000000501 /* Sources */ = {isa = PBXSourcesBuildPhase; buildActionMask = 2147483647; files = (
			BA1000000000000000000001 /* AlertAgentMain.swift in Sources */,
			BA1100000000000000000001, BA1100000000000000000002, BA1100000000000000000003, BA1100000000000000000004,
			BA1100000000000000000005, BA1100000000000000000006, BA1100000000000000000007, BA1100000000000000000008,
			BA1100000000000000000009, BA110000000000000000000A, BA110000000000000000000B, BA110000000000000000000C,
			BA110000000000000000000D, BA110000000000000000000E, BA110000000000000000000F, BA1100000000000000000010,
			BA1100000000000000000011, BA1100000000000000000012, BA1100000000000000000013, BA1100000000000000000014,
			BA1100000000000000000015, BA1100000000000000000016, BA1100000000000000000017,
			BA1100000000000000000018, BA1100000000000000000019, BA110000000000000000001A, BA110000000000000000001B,
			BA110000000000000000001C, BA110000000000000000001D, BA110000000000000000001E,
			BA110000000000000000001F, BA1100000000000000000020,
		); runOnlyForDeploymentPostprocessing = 0; };
		E40000000000000000000302 /* Sources */ = {
			isa = PBXSourcesBuildPhase;
			buildActionMask = 2147483647;
			files = (
				SM0000000000000000000006 /* ScriptStoreTests.swift in Sources */,
				P10000000000000000000004 /* PineEngineTests.swift in Sources */,
				C50000000000000000000007 /* BinanceWebSocketServiceTests.swift in Sources */,
				C50000000000000000000006 /* KlineDataTests.swift in Sources */,
				C50000000000000000000001 /* JSONStoreTests.swift in Sources */,
				C50000000000000000000002 /* ChartViewModelFetchTests.swift in Sources */,
				C50000000000000000000003 /* ChartPlotTests.swift in Sources */,
				C50000000000000000000004 /* IndicatorsTests.swift in Sources */,
				C50000000000000000000005 /* KlineCacheTests.swift in Sources */,
				B90000000000000000000008 /* LocalPriceAlertEngineTests.swift in Sources */,
				AA1000000000000000000007 /* PortfolioAccountingEngineTests.swift in Sources */,
				F30000000000000000000006 /* PaperTradingEngineTests.swift in Sources */,
				E40000000000000000000001 /* ReplayEngineTests.swift in Sources */,
			);
			runOnlyForDeploymentPostprocessing = 0;
		};
		A00000000000000000000501 /* Sources */ = {
			isa = PBXSourcesBuildPhase;
			buildActionMask = 2147483647;
			files = (
				SM0000000000000000000001 /* ScriptStore.swift in Sources */,
				SM0000000000000000000002 /* ScriptManagerViewModel.swift in Sources */,
				SM0000000000000000000003 /* ScriptEditorViewModel.swift in Sources */,
				SM0000000000000000000004 /* ScriptManagerView.swift in Sources */,
				SM0000000000000000000005 /* ScriptEditorView.swift in Sources */,
				SM0000000000000000000007 /* LineNumberedTextEditorView.swift in Sources */,
				BA0000000000000000000001 /* AlertRuntimePersistence.swift in Sources */,
				BA0000000000000000000002 /* AlertRuntimeHost.swift in Sources */,
				BA0000000000000000000003 /* AlertBackgroundService.swift in Sources */,
				P10000000000000000000001 /* PineModels.swift in Sources */,
				P10000000000000000000002 /* PineEngine.swift in Sources */,
				P10000000000000000000003 /* PineRuntime.swift in Sources */,
				B90000000000000000000001 /* PriceAlertModels.swift in Sources */,
				B90000000000000000000002 /* LocalPriceAlertEngine.swift in Sources */,
				B90000000000000000000003 /* FXRateService.swift in Sources */,
				B90000000000000000000004 /* MarketQuoteCoordinator.swift in Sources */,
				B90000000000000000000005 /* AlertStore.swift in Sources */,
				B90000000000000000000006 /* PriceAlertEditor.swift in Sources */,
				B90000000000000000000007 /* AlertsCenterView.swift in Sources */,
				AA1000000000000000000009 /* PortfolioAssetAutoMapper.swift in Sources */,
				AA1000000000000000000008 /* PortfolioTabView.swift in Sources */,
				AA1000000000000000000001 /* PortfolioModels.swift in Sources */,
				AA2000000000000000000001 /* PortfolioValueChange.swift in Sources */,
				AA1000000000000000000002 /* PortfolioAccountingEngine.swift in Sources */,
				AA1000000000000000000003 /* PortfolioLedger.swift in Sources */,
				AA1000000000000000000004 /* PortfolioStore.swift in Sources */,
				AA1000000000000000000005 /* PortfolioCSVService.swift in Sources */,
				AA1000000000000000000006 /* PortfolioDashboardView.swift in Sources */,
				F30000000000000000000008 /* PaperTradingFormatter.swift in Sources */,
				F30000000000000000000007 /* PaperChartTradingOverlay.swift in Sources */,
				F30000000000000000000001 /* PaperTradingModels.swift in Sources */,
				F30000000000000000000002 /* PaperTradingEngine.swift in Sources */,
				F30000000000000000000003 /* PaperTradingStore.swift in Sources */,
				F30000000000000000000004 /* PaperOrderTicketSheet.swift in Sources */,
				F30000000000000000000005 /* PaperAccountManagerView.swift in Sources */,
				E30000000000000000000001 /* ReplaySession.swift in Sources */,
				E30000000000000000000002 /* ReplayEngine.swift in Sources */,
				E30000000000000000000003 /* ReplayControlBar.swift in Sources */,
				F10000000000000000000001 /* FavoriteItem.swift in Sources */,
				F10000000000000000000002 /* FavoritesStore.swift in Sources */,
				F10000000000000000000003 /* FavoritesSidebar.swift in Sources */,
				E20000000000000000000001 /* AlpacaCredentials.swift in Sources */,
				E20000000000000000000002 /* AlpacaAPIService.swift in Sources */,
				E20000000000000000000003 /* AlpacaWebSocketService.swift in Sources */,
				E20000000000000000000004 /* AppSettingsView.swift in Sources */,
				A00000000000000000000001 /* DegenViewApp.swift in Sources */,
				A00000000000000000000002 /* ContentView.swift in Sources */,
				A00000000000000000000003 /* KlineData.swift in Sources */,
				A00000000000000000000903 /* Indicators.swift in Sources */,
				A00000000000000000000905 /* TrendLine.swift in Sources */,
				A00000000000000000000907 /* ToolSidebar.swift in Sources */,
				A00000000000000000000909 /* Crosshair.swift in Sources */,
				A00000000000000000000004 /* TimeRange.swift in Sources */,
				A00000000000000000000005 /* SymbolInfo.swift in Sources */,
				A00000000000000000000006 /* BinanceAPIService.swift in Sources */,
				A00000000000000000000008 /* ChartViewModel.swift in Sources */,
				A00000000000000000000009 /* ContentViewModel.swift in Sources */,
				A0000000000000000000001E /* TickerIconView.swift in Sources */,
				A0000000000000000000000A /* ChartCardView.swift in Sources */,
				A0000000000000000000000B /* AddTickerSheet.swift in Sources */,
				A0000000000000000000000D /* EmptyStateView.swift in Sources */,
				A0000000000000000000000E /* MockData.swift in Sources */,
				A00000000000000000000011 /* CandleChartView.swift in Sources */,
				C10000000000000000000001 /* PolymarketModels.swift in Sources */,
				C10000000000000000000002 /* PolymarketService.swift in Sources */,
				C10000000000000000000003 /* PolymarketSearchViewModel.swift in Sources */,
				C10000000000000000000004 /* ChartPlot.swift in Sources */,
				C10000000000000000000005 /* ChartStyle.swift in Sources */,
				C10000000000000000000006 /* LineChartView.swift in Sources */,
				C10000000000000000000007 /* PolymarketResultRow.swift in Sources */,
				C10000000000000000000008 /* SearchPane.swift in Sources */,
				C10000000000000000000009 /* SearchDebouncer.swift in Sources */,
				A00000000000000000000013 /* BinanceWebSocketService.swift in Sources */,
				A00000000000000000000014 /* SavedView.swift in Sources */,
				A00000000000000000000016 /* IconResolver.swift in Sources */,
				A00000000000000000000017 /* DataSourceType.swift in Sources */,
				A00000000000000000000018 /* TickerDataSource.swift in Sources */,
				A00000000000000000000019 /* CoinGeckoAPIService.swift in Sources */,
				A00000000000000000000901 /* GeckoTerminalService.swift in Sources */,
				B10000000000000000000001 /* CoinGeckoProvisionalStore.swift in Sources */,
				A0000000000000000000001D /* CGRateLimiter.swift in Sources */,
				A0000000000000000000001A /* DEXScreenerService.swift in Sources */,
				A0000000000000000000001B /* ChartSettingsSheet.swift in Sources */,
				A0000000000000000000001C /* ColorHex.swift in Sources */,
				58630E0C416C081AF0953889 /* KlineCache.swift in Sources */,
				d58e678f4f4143a992f14a23 /* ImageCache.swift in Sources */,
				E777DD8DE100A21A8EB9D22A /* JSONStore.swift in Sources */,
				F20000000000000000000001 /* DrawingStore.swift in Sources */,
				210811D2641BFEA642CB5C1B /* AppSupport.swift in Sources */,
				E274692C02A7CF2744AA19E6 /* Comparable+Clamped.swift in Sources */,
				A0000000000000000000041A /* WindowFrame.swift in Sources */,
				E9BFE5EDD08EFDF1A8799293 /* PriceFormatter.swift in Sources */,
				D10000000000000000000001 /* ChartTab.swift in Sources */,
				D10000000000000000000002 /* TabsStore.swift in Sources */,
				D10000000000000000000003 /* WindowCoordinator.swift in Sources */,
				D10000000000000000000004 /* WindowAccessor.swift in Sources */,
				107499480345BD4E1AF89997 /* DateFormat+Extensions.swift in Sources */,
				8A6F0FBF904AABC2B7092AB6 /* Constants.swift in Sources */,
				133084E1F720D328F33F7A4E /* ReorderDropDelegate.swift in Sources */,
				A8264FDDEB83050C431DE260 /* SearchResultRow.swift in Sources */,
				44306C22FA7B0C913BEAFD73 /* TickerSearchViewModel.swift in Sources */,
			);
			runOnlyForDeploymentPostprocessing = 0;
		};
/* End PBXSourcesBuildPhase section */

/* Begin PBXTargetDependency section */
		BA1000000000000000000202 /* PBXTargetDependency */ = {isa = PBXTargetDependency; target = BA1000000000000000000401 /* DegenViewAlertAgent */; targetProxy = BA1000000000000000000201 /* PBXContainerItemProxy */; };
		E40000000000000000000202 /* PBXTargetDependency */ = {
			isa = PBXTargetDependency;
			target = A00000000000000000000401 /* DegenView */;
			targetProxy = E40000000000000000000201 /* PBXContainerItemProxy */;
		};
/* End PBXTargetDependency section */

/* Begin XCBuildConfiguration section */
		BA1000000000000000000801 /* Debug */ = {isa = XCBuildConfiguration; buildSettings = { CODE_SIGN_STYLE = Automatic; CURRENT_PROJECT_VERSION = 1; GENERATE_INFOPLIST_FILE = YES; INFOPLIST_KEY_LSUIElement = YES; MACOSX_DEPLOYMENT_TARGET = 14.0; MARKETING_VERSION = 1.0; PRODUCT_BUNDLE_IDENTIFIER = com.cryptocharts.app.alert-agent; PRODUCT_NAME = "$(TARGET_NAME)"; SDKROOT = macosx; SKIP_INSTALL = YES; SWIFT_VERSION = 5.0; }; name = Debug; };
		BA1000000000000000000802 /* Release */ = {isa = XCBuildConfiguration; buildSettings = { CODE_SIGN_ENTITLEMENTS = DegenViewAlertAgent/DegenViewAlertAgent.entitlements; CODE_SIGN_STYLE = Automatic; CURRENT_PROJECT_VERSION = 1; GENERATE_INFOPLIST_FILE = YES; INFOPLIST_KEY_LSUIElement = YES; MACOSX_DEPLOYMENT_TARGET = 14.0; MARKETING_VERSION = 1.0; PRODUCT_BUNDLE_IDENTIFIER = com.cryptocharts.app.alert-agent; PRODUCT_NAME = "$(TARGET_NAME)"; SDKROOT = macosx; SKIP_INSTALL = YES; SWIFT_VERSION = 5.0; }; name = Release; };
		E40000000000000000000801 /* Debug */ = {
			isa = XCBuildConfiguration;
			buildSettings = {
				BUNDLE_LOADER = "$(TEST_HOST)";
				CODE_SIGN_STYLE = Automatic;
				GENERATE_INFOPLIST_FILE = YES;
				MACOSX_DEPLOYMENT_TARGET = 14.0;
				PRODUCT_BUNDLE_IDENTIFIER = com.cryptocharts.app.tests;
				PRODUCT_NAME = "$(TARGET_NAME)";
				SWIFT_VERSION = 5.0;
				TEST_HOST = "$(BUILT_PRODUCTS_DIR)/DegenView.app/Contents/MacOS/DegenView";
			};
			name = Debug;
		};
		E40000000000000000000802 /* Release */ = {
			isa = XCBuildConfiguration;
			buildSettings = {
				BUNDLE_LOADER = "$(TEST_HOST)";
				CODE_SIGN_STYLE = Automatic;
				GENERATE_INFOPLIST_FILE = YES;
				MACOSX_DEPLOYMENT_TARGET = 14.0;
				PRODUCT_BUNDLE_IDENTIFIER = com.cryptocharts.app.tests;
				PRODUCT_NAME = "$(TARGET_NAME)";
				SWIFT_VERSION = 5.0;
				TEST_HOST = "$(BUILT_PRODUCTS_DIR)/DegenView.app/Contents/MacOS/DegenView";
			};
			name = Release;
		};
		A00000000000000000000801 /* Debug */ = {
			isa = XCBuildConfiguration;
			buildSettings = {
				ALWAYS_SEARCH_USER_PATHS = NO;
				ASSETCATALOG_COMPILER_GENERATE_SWIFT_ASSET_SYMBOL_EXTENSIONS = YES;
				CLANG_ANALYZER_NONNULL = YES;
				CLANG_CXX_LANGUAGE_STANDARD = "gnu++20";
				CLANG_ENABLE_MODULES = YES;
				CLANG_ENABLE_OBJC_ARC = YES;
				COPY_PHASE_STRIP = NO;
				DEBUG_INFORMATION_FORMAT = dwarf;
				ENABLE_STRICT_OBJC_MSGSEND = YES;
				ENABLE_TESTABILITY = YES;
				ENABLE_USER_SCRIPT_SANDBOXING = YES;
				GCC_DYNAMIC_NO_PIC = NO;
				GCC_OPTIMIZATION_LEVEL = 0;
				GCC_PREPROCESSOR_DEFINITIONS = (
					"DEBUG=1",
					"$(inherited)",
				);
				IPHONEOS_DEPLOYMENT_TARGET = 18.0;
				LOCALIZATION_PREFERS_STRING_CATALOGS = YES;
				MACOSX_DEPLOYMENT_TARGET = 14.0;
				MTL_ENABLE_DEBUG_INFO = INCLUDE_SOURCE;
				ONLY_ACTIVE_ARCH = YES;
				SDKROOT = macosx;
				SWIFT_ACTIVE_COMPILATION_CONDITIONS = "DEBUG $(inherited)";
				SWIFT_OPTIMIZATION_LEVEL = "-Onone";
			};
			name = Debug;
		};
		A00000000000000000000802 /* Release */ = {
			isa = XCBuildConfiguration;
			buildSettings = {
				ALWAYS_SEARCH_USER_PATHS = NO;
				ASSETCATALOG_COMPILER_GENERATE_SWIFT_ASSET_SYMBOL_EXTENSIONS = YES;
				CLANG_ANALYZER_NONNULL = YES;
				CLANG_CXX_LANGUAGE_STANDARD = "gnu++20";
				CLANG_ENABLE_MODULES = YES;
				CLANG_ENABLE_OBJC_ARC = YES;
				COPY_PHASE_STRIP = NO;
				DEBUG_INFORMATION_FORMAT = "dwarf-with-dsym";
				ENABLE_NS_ASSERTIONS = NO;
				ENABLE_STRICT_OBJC_MSGSEND = YES;
				ENABLE_USER_SCRIPT_SANDBOXING = YES;
				GCC_OPTIMIZATION_LEVEL = s;
				IPHONEOS_DEPLOYMENT_TARGET = 18.0;
				LOCALIZATION_PREFERS_STRING_CATALOGS = YES;
				MACOSX_DEPLOYMENT_TARGET = 14.0;
				MTL_ENABLE_DEBUG_INFO = NO;
				SDKROOT = macosx;
				SWIFT_COMPILATION_MODE = wholemodule;
			};
			name = Release;
		};
		A00000000000000000000803 /* Debug */ = {
			isa = XCBuildConfiguration;
			buildSettings = {
				ASSETCATALOG_COMPILER_APPICON_NAME = AppIcon;
				CODE_SIGN_STYLE = Automatic;
				CURRENT_PROJECT_VERSION = 1;
				ENABLE_PREVIEWS = YES;
				GENERATE_INFOPLIST_FILE = YES;
				INFOPLIST_KEY_NSHumanReadableCopyright = "";
				INFOPLIST_KEY_NSMainStoryboardFile = "";
				INFOPLIST_KEY_NSPrincipalClass = "";
				LD_RUNPATH_SEARCH_PATHS = (
					"$(inherited)",
					"@executable_path/../Frameworks",
				);
				MARKETING_VERSION = 1.0;
				PRODUCT_BUNDLE_IDENTIFIER = com.cryptocharts.app;
				PRODUCT_NAME = "$(TARGET_NAME)";
				SWIFT_EMIT_LOC_STRINGS = YES;
				SWIFT_VERSION = 5.0;
			};
			name = Debug;
		};
		A00000000000000000000804 /* Release */ = {
			isa = XCBuildConfiguration;
			buildSettings = {
				CODE_SIGN_ENTITLEMENTS = DegenView/DegenView.entitlements;
				ASSETCATALOG_COMPILER_APPICON_NAME = AppIcon;
				CODE_SIGN_STYLE = Automatic;
				CURRENT_PROJECT_VERSION = 1;
				ENABLE_PREVIEWS = YES;
				GENERATE_INFOPLIST_FILE = YES;
				INFOPLIST_KEY_NSHumanReadableCopyright = "";
				INFOPLIST_KEY_NSMainStoryboardFile = "";
				INFOPLIST_KEY_NSPrincipalClass = "";
				LD_RUNPATH_SEARCH_PATHS = (
					"$(inherited)",
					"@executable_path/../Frameworks",
				);
				MARKETING_VERSION = 1.0;
				PRODUCT_BUNDLE_IDENTIFIER = com.cryptocharts.app;
				PRODUCT_NAME = "$(TARGET_NAME)";
				SWIFT_EMIT_LOC_STRINGS = YES;
				SWIFT_VERSION = 5.0;
			};
			name = Release;
		};
/* End XCBuildConfiguration section */

/* Begin XCConfigurationList section */
		BA1000000000000000000601 /* Build configuration list for PBXNativeTarget "DegenViewAlertAgent" */ = {isa = XCConfigurationList; buildConfigurations = (BA1000000000000000000801 /* Debug */, BA1000000000000000000802 /* Release */, ); defaultConfigurationIsVisible = 0; defaultConfigurationName = Release; };
		E40000000000000000000601 /* Build configuration list for PBXNativeTarget "DegenViewTests" */ = {
			isa = XCConfigurationList;
			buildConfigurations = (
				E40000000000000000000801 /* Debug */,
				E40000000000000000000802 /* Release */,
			);
			defaultConfigurationIsVisible = 0;
			defaultConfigurationName = Release;
		};
		A00000000000000000000601 /* Build configuration list for PBXNativeTarget "DegenView" */ = {
			isa = XCConfigurationList;
			buildConfigurations = (
				A00000000000000000000803 /* Debug */,
				A00000000000000000000804 /* Release */,
			);
			defaultConfigurationIsVisible = 0;
			defaultConfigurationName = Release;
		};
		A00000000000000000000702 /* Build configuration list for PBXProject "DegenView" */ = {
			isa = XCConfigurationList;
			buildConfigurations = (
				A00000000000000000000801 /* Debug */,
				A00000000000000000000802 /* Release */,
			);
			defaultConfigurationIsVisible = 0;
			defaultConfigurationName = Release;
		};
/* End XCConfigurationList section */
	};
	rootObject = A00000000000000000000701 /* Project object */;
}
