// !$*UTF8*$!
{
	archiveVersion = 1;
	classes = {
	};
	objectVersion = 56;
	objects = {

/* Begin PBXBuildFile section */
		107499480345BD4E1AF89997 /* DateFormat+Extensions.swift in Sources */ = {isa = PBXBuildFile; fileRef = CF4F0861ED57FFD15CBF8E0D /* DateFormat+Extensions.swift */; };
		133084E1F720D328F33F7A4E /* ReorderDropDelegate.swift in Sources */ = {isa = PBXBuildFile; fileRef = 26162A9C17DCE8969A3E56B8 /* ReorderDropDelegate.swift */; };
		210811D2641BFEA642CB5C1B /* AppSupport.swift in Sources */ = {isa = PBXBuildFile; fileRef = D7BF0A39943224E6FE7AB590 /* AppSupport.swift */; };
		44306C22FA7B0C913BEAFD73 /* TickerSearchViewModel.swift in Sources */ = {isa = PBXBuildFile; fileRef = E60CA374E62AB0BAD0D6D6DD /* TickerSearchViewModel.swift */; };
		58630E0C416C081AF0953889 /* KlineCache.swift in Sources */ = {isa = PBXBuildFile; fileRef = E167CD7B739B528C0792D361 /* KlineCache.swift */; };
		B10000000000000000000001 /* CoinGeckoProvisionalStore.swift in Sources */ = {isa = PBXBuildFile; fileRef = B10000000000000000000101 /* CoinGeckoProvisionalStore.swift */; };
		8A6F0FBF904AABC2B7092AB6 /* Constants.swift in Sources */ = {isa = PBXBuildFile; fileRef = 1A7A9FF7FE2582A9CD3DFB94 /* Constants.swift */; };
		A00000000000000000000001 /* CryptoChartsApp.swift in Sources */ = {isa = PBXBuildFile; fileRef = A00000000000000000000101 /* CryptoChartsApp.swift */; };
		A00000000000000000000002 /* ContentView.swift in Sources */ = {isa = PBXBuildFile; fileRef = A00000000000000000000102 /* ContentView.swift */; };
		A00000000000000000000003 /* KlineData.swift in Sources */ = {isa = PBXBuildFile; fileRef = A00000000000000000000103 /* KlineData.swift */; };
		A00000000000000000000004 /* TimeRange.swift in Sources */ = {isa = PBXBuildFile; fileRef = A00000000000000000000104 /* TimeRange.swift */; };
		A00000000000000000000005 /* SymbolInfo.swift in Sources */ = {isa = PBXBuildFile; fileRef = A00000000000000000000105 /* SymbolInfo.swift */; };
		A00000000000000000000006 /* BinanceAPIService.swift in Sources */ = {isa = PBXBuildFile; fileRef = A00000000000000000000106 /* BinanceAPIService.swift */; };
		A00000000000000000000008 /* ChartViewModel.swift in Sources */ = {isa = PBXBuildFile; fileRef = A00000000000000000000108 /* ChartViewModel.swift */; };
		A00000000000000000000009 /* ContentViewModel.swift in Sources */ = {isa = PBXBuildFile; fileRef = A00000000000000000000109 /* ContentViewModel.swift */; };
		A0000000000000000000000A /* ChartCardView.swift in Sources */ = {isa = PBXBuildFile; fileRef = A0000000000000000000010A /* ChartCardView.swift */; };
		A0000000000000000000000B /* AddTickerSheet.swift in Sources */ = {isa = PBXBuildFile; fileRef = A0000000000000000000010B /* AddTickerSheet.swift */; };
		A0000000000000000000000D /* EmptyStateView.swift in Sources */ = {isa = PBXBuildFile; fileRef = A0000000000000000000010D /* EmptyStateView.swift */; };
		A0000000000000000000000E /* MockData.swift in Sources */ = {isa = PBXBuildFile; fileRef = A0000000000000000000010E /* MockData.swift */; };
		A0000000000000000000000F /* Assets.xcassets in Resources */ = {isa = PBXBuildFile; fileRef = A0000000000000000000010F /* Assets.xcassets */; };
		A00000000000000000000011 /* CandleChartView.swift in Sources */ = {isa = PBXBuildFile; fileRef = A00000000000000000000112 /* CandleChartView.swift */; };
		A00000000000000000000012 /* CandleChartStyle.swift in Sources */ = {isa = PBXBuildFile; fileRef = A00000000000000000000113 /* CandleChartStyle.swift */; };
		A00000000000000000000013 /* BinanceWebSocketService.swift in Sources */ = {isa = PBXBuildFile; fileRef = A00000000000000000000114 /* BinanceWebSocketService.swift */; };
		A00000000000000000000014 /* SavedView.swift in Sources */ = {isa = PBXBuildFile; fileRef = A00000000000000000000115 /* SavedView.swift */; };
		A00000000000000000000016 /* IconResolver.swift in Sources */ = {isa = PBXBuildFile; fileRef = A00000000000000000000117 /* IconResolver.swift */; };
		A00000000000000000000017 /* DataSourceType.swift in Sources */ = {isa = PBXBuildFile; fileRef = A00000000000000000000118 /* DataSourceType.swift */; };
		A00000000000000000000018 /* TickerDataSource.swift in Sources */ = {isa = PBXBuildFile; fileRef = A00000000000000000000119 /* TickerDataSource.swift */; };
		A00000000000000000000019 /* CoinGeckoAPIService.swift in Sources */ = {isa = PBXBuildFile; fileRef = A0000000000000000000011A /* CoinGeckoAPIService.swift */; };
		A0000000000000000000001D /* CGRateLimiter.swift in Sources */ = {isa = PBXBuildFile; fileRef = A0000000000000000000011E /* CGRateLimiter.swift */; };
		A0000000000000000000001E /* TickerIconView.swift in Sources */ = {isa = PBXBuildFile; fileRef = A0000000000000000000011F /* TickerIconView.swift */; };
		A0000000000000000000001A /* DEXScreenerService.swift in Sources */ = {isa = PBXBuildFile; fileRef = A0000000000000000000011B /* DEXScreenerService.swift */; };
		A0000000000000000000001B /* ChartSettingsSheet.swift in Sources */ = {isa = PBXBuildFile; fileRef = A0000000000000000000011C /* ChartSettingsSheet.swift */; };
		A0000000000000000000001C /* ColorHex.swift in Sources */ = {isa = PBXBuildFile; fileRef = A0000000000000000000011D /* ColorHex.swift */; };
		A8264FDDEB83050C431DE260 /* SearchResultRow.swift in Sources */ = {isa = PBXBuildFile; fileRef = 808E1370CBBDF7B875C17D9D /* SearchResultRow.swift */; };
		E274692C02A7CF2744AA19E6 /* Comparable+Clamped.swift in Sources */ = {isa = PBXBuildFile; fileRef = 9AB4301ACD00B5A586820208 /* Comparable+Clamped.swift */; };
		E777DD8DE100A21A8EB9D22A /* JSONStore.swift in Sources */ = {isa = PBXBuildFile; fileRef = DC402F9B4B39FBF3A4F0D4BE /* JSONStore.swift */; };
		E9BFE5EDD08EFDF1A8799293 /* PriceFormatter.swift in Sources */ = {isa = PBXBuildFile; fileRef = 763ED08073ED0807493107C6 /* PriceFormatter.swift */; };
/* End PBXBuildFile section */

/* Begin PBXFileReference section */
		1A7A9FF7FE2582A9CD3DFB94 /* Constants.swift */ = {isa = PBXFileReference; includeInIndex = 1; lastKnownFileType = sourcecode.swift; path = Constants.swift; sourceTree = "<group>"; };
		26162A9C17DCE8969A3E56B8 /* ReorderDropDelegate.swift */ = {isa = PBXFileReference; includeInIndex = 1; lastKnownFileType = sourcecode.swift; path = ReorderDropDelegate.swift; sourceTree = "<group>"; };
		763ED08073ED0807493107C6 /* PriceFormatter.swift */ = {isa = PBXFileReference; includeInIndex = 1; lastKnownFileType = sourcecode.swift; path = PriceFormatter.swift; sourceTree = "<group>"; };
		808E1370CBBDF7B875C17D9D /* SearchResultRow.swift */ = {isa = PBXFileReference; includeInIndex = 1; lastKnownFileType = sourcecode.swift; path = SearchResultRow.swift; sourceTree = "<group>"; };
		9AB4301ACD00B5A586820208 /* Comparable+Clamped.swift */ = {isa = PBXFileReference; includeInIndex = 1; lastKnownFileType = sourcecode.swift; path = "Comparable+Clamped.swift"; sourceTree = "<group>"; };
		A00000000000000000000101 /* CryptoChartsApp.swift */ = {isa = PBXFileReference; lastKnownFileType = sourcecode.swift; path = CryptoChartsApp.swift; sourceTree = "<group>"; };
		A00000000000000000000102 /* ContentView.swift */ = {isa = PBXFileReference; lastKnownFileType = sourcecode.swift; path = ContentView.swift; sourceTree = "<group>"; };
		A00000000000000000000103 /* KlineData.swift */ = {isa = PBXFileReference; lastKnownFileType = sourcecode.swift; path = KlineData.swift; sourceTree = "<group>"; };
		A00000000000000000000104 /* TimeRange.swift */ = {isa = PBXFileReference; lastKnownFileType = sourcecode.swift; path = TimeRange.swift; sourceTree = "<group>"; };
		A00000000000000000000105 /* SymbolInfo.swift */ = {isa = PBXFileReference; lastKnownFileType = sourcecode.swift; path = SymbolInfo.swift; sourceTree = "<group>"; };
		A00000000000000000000106 /* BinanceAPIService.swift */ = {isa = PBXFileReference; lastKnownFileType = sourcecode.swift; path = BinanceAPIService.swift; sourceTree = "<group>"; };
		A00000000000000000000108 /* ChartViewModel.swift */ = {isa = PBXFileReference; lastKnownFileType = sourcecode.swift; path = ChartViewModel.swift; sourceTree = "<group>"; };
		A00000000000000000000109 /* ContentViewModel.swift */ = {isa = PBXFileReference; lastKnownFileType = sourcecode.swift; path = ContentViewModel.swift; sourceTree = "<group>"; };
		A0000000000000000000010A /* ChartCardView.swift */ = {isa = PBXFileReference; lastKnownFileType = sourcecode.swift; path = ChartCardView.swift; sourceTree = "<group>"; };
		A0000000000000000000010B /* AddTickerSheet.swift */ = {isa = PBXFileReference; lastKnownFileType = sourcecode.swift; path = AddTickerSheet.swift; sourceTree = "<group>"; };
		A0000000000000000000010D /* EmptyStateView.swift */ = {isa = PBXFileReference; lastKnownFileType = sourcecode.swift; path = EmptyStateView.swift; sourceTree = "<group>"; };
		A0000000000000000000010E /* MockData.swift */ = {isa = PBXFileReference; lastKnownFileType = sourcecode.swift; path = MockData.swift; sourceTree = "<group>"; };
		A0000000000000000000010F /* Assets.xcassets */ = {isa = PBXFileReference; lastKnownFileType = folder.assetcatalog; path = Assets.xcassets; sourceTree = "<group>"; };
		A00000000000000000000110 /* CryptoCharts.app */ = {isa = PBXFileReference; explicitFileType = wrapper.application; includeInIndex = 0; path = CryptoCharts.app; sourceTree = BUILT_PRODUCTS_DIR; };
		A00000000000000000000112 /* CandleChartView.swift */ = {isa = PBXFileReference; lastKnownFileType = sourcecode.swift; path = CandleChartView.swift; sourceTree = "<group>"; };
		A00000000000000000000113 /* CandleChartStyle.swift */ = {isa = PBXFileReference; lastKnownFileType = sourcecode.swift; path = CandleChartStyle.swift; sourceTree = "<group>"; };
		A00000000000000000000114 /* BinanceWebSocketService.swift */ = {isa = PBXFileReference; lastKnownFileType = sourcecode.swift; path = BinanceWebSocketService.swift; sourceTree = "<group>"; };
		A00000000000000000000115 /* SavedView.swift */ = {isa = PBXFileReference; lastKnownFileType = sourcecode.swift; path = SavedView.swift; sourceTree = "<group>"; };
		A00000000000000000000117 /* IconResolver.swift */ = {isa = PBXFileReference; lastKnownFileType = sourcecode.swift; path = IconResolver.swift; sourceTree = "<group>"; };
		A00000000000000000000118 /* DataSourceType.swift */ = {isa = PBXFileReference; lastKnownFileType = sourcecode.swift; path = DataSourceType.swift; sourceTree = "<group>"; };
		A00000000000000000000119 /* TickerDataSource.swift */ = {isa = PBXFileReference; lastKnownFileType = sourcecode.swift; path = TickerDataSource.swift; sourceTree = "<group>"; };
		A0000000000000000000011A /* CoinGeckoAPIService.swift */ = {isa = PBXFileReference; lastKnownFileType = sourcecode.swift; path = CoinGeckoAPIService.swift; sourceTree = "<group>"; };
		A0000000000000000000011E /* CGRateLimiter.swift */ = {isa = PBXFileReference; lastKnownFileType = sourcecode.swift; path = CGRateLimiter.swift; sourceTree = "<group>"; };
		A0000000000000000000011F /* TickerIconView.swift */ = {isa = PBXFileReference; lastKnownFileType = sourcecode.swift; path = TickerIconView.swift; sourceTree = "<group>"; };
		A0000000000000000000011B /* DEXScreenerService.swift */ = {isa = PBXFileReference; lastKnownFileType = sourcecode.swift; path = DEXScreenerService.swift; sourceTree = "<group>"; };
		A0000000000000000000011C /* ChartSettingsSheet.swift */ = {isa = PBXFileReference; lastKnownFileType = sourcecode.swift; path = ChartSettingsSheet.swift; sourceTree = "<group>"; };
		A0000000000000000000011D /* ColorHex.swift */ = {isa = PBXFileReference; lastKnownFileType = sourcecode.swift; path = ColorHex.swift; sourceTree = "<group>"; };
		CF4F0861ED57FFD15CBF8E0D /* DateFormat+Extensions.swift */ = {isa = PBXFileReference; includeInIndex = 1; lastKnownFileType = sourcecode.swift; path = "DateFormat+Extensions.swift"; sourceTree = "<group>"; };
		D7BF0A39943224E6FE7AB590 /* AppSupport.swift */ = {isa = PBXFileReference; includeInIndex = 1; lastKnownFileType = sourcecode.swift; path = AppSupport.swift; sourceTree = "<group>"; };
		DC402F9B4B39FBF3A4F0D4BE /* JSONStore.swift */ = {isa = PBXFileReference; includeInIndex = 1; lastKnownFileType = sourcecode.swift; path = JSONStore.swift; sourceTree = "<group>"; };
		E167CD7B739B528C0792D361 /* KlineCache.swift */ = {isa = PBXFileReference; includeInIndex = 1; lastKnownFileType = sourcecode.swift; path = KlineCache.swift; sourceTree = "<group>"; };
		B10000000000000000000101 /* CoinGeckoProvisionalStore.swift */ = {isa = PBXFileReference; includeInIndex = 1; lastKnownFileType = sourcecode.swift; path = CoinGeckoProvisionalStore.swift; sourceTree = "<group>"; };
		E60CA374E62AB0BAD0D6D6DD /* TickerSearchViewModel.swift */ = {isa = PBXFileReference; includeInIndex = 1; lastKnownFileType = sourcecode.swift; path = TickerSearchViewModel.swift; sourceTree = "<group>"; };
/* End PBXFileReference section */

/* Begin PBXFrameworksBuildPhase section */
		A00000000000000000000201 /* Frameworks */ = {
			isa = PBXFrameworksBuildPhase;
			buildActionMask = 2147483647;
			files = (
			);
			runOnlyForDeploymentPostprocessing = 0;
		};
/* End PBXFrameworksBuildPhase section */

/* Begin PBXGroup section */
		27720E9AD19F30A5F3240B21 /* Core */ = {
			isa = PBXGroup;
			children = (
				1A7A9FF7FE2582A9CD3DFB94 /* Constants.swift */,
			);
			name = Core;
			path = Core;
			sourceTree = "<group>";
		};
		A00000000000000000000300 = {
			isa = PBXGroup;
			children = (
				A00000000000000000000301 /* CryptoCharts */,
				A00000000000000000000302 /* Products */,
			);
			sourceTree = "<group>";
		};
		A00000000000000000000301 /* CryptoCharts */ = {
			isa = PBXGroup;
			children = (
				A00000000000000000000101 /* CryptoChartsApp.swift */,
				A00000000000000000000102 /* ContentView.swift */,
				A0000000000000000000010F /* Assets.xcassets */,
				A00000000000000000000310 /* Model */,
				A00000000000000000000311 /* Service */,
				A00000000000000000000312 /* ViewModel */,
				A00000000000000000000313 /* View */,
				A00000000000000000000314 /* Preview Content */,
				A00000000000000000000315 /* Util */,
				27720E9AD19F30A5F3240B21 /* Core */,
			);
			path = CryptoCharts;
			sourceTree = "<group>";
		};
		A00000000000000000000302 /* Products */ = {
			isa = PBXGroup;
			children = (
				A00000000000000000000110 /* CryptoCharts.app */,
			);
			name = Products;
			sourceTree = "<group>";
		};
		A00000000000000000000310 /* Model */ = {
			isa = PBXGroup;
			children = (
				A00000000000000000000103 /* KlineData.swift */,
				A00000000000000000000104 /* TimeRange.swift */,
				A00000000000000000000105 /* SymbolInfo.swift */,
				A00000000000000000000115 /* SavedView.swift */,
				A00000000000000000000118 /* DataSourceType.swift */,
			);
			path = Model;
			sourceTree = "<group>";
		};
		A00000000000000000000311 /* Service */ = {
			isa = PBXGroup;
			children = (
				A00000000000000000000106 /* BinanceAPIService.swift */,
				A00000000000000000000114 /* BinanceWebSocketService.swift */,
				A00000000000000000000117 /* IconResolver.swift */,
				A0000000000000000000011E /* CGRateLimiter.swift */,
				A00000000000000000000119 /* TickerDataSource.swift */,
				A0000000000000000000011A /* CoinGeckoAPIService.swift */,
				B10000000000000000000101 /* CoinGeckoProvisionalStore.swift */,
				A0000000000000000000011B /* DEXScreenerService.swift */,
				E167CD7B739B528C0792D361 /* KlineCache.swift */,
				DC402F9B4B39FBF3A4F0D4BE /* JSONStore.swift */,
			);
			path = Service;
			sourceTree = "<group>";
		};
		A00000000000000000000312 /* ViewModel */ = {
			isa = PBXGroup;
			children = (
				A00000000000000000000108 /* ChartViewModel.swift */,
				A00000000000000000000109 /* ContentViewModel.swift */,
				E60CA374E62AB0BAD0D6D6DD /* TickerSearchViewModel.swift */,
			);
			path = ViewModel;
			sourceTree = "<group>";
		};
		A00000000000000000000313 /* View */ = {
			isa = PBXGroup;
			children = (
				A0000000000000000000010A /* ChartCardView.swift */,
				A0000000000000000000011F /* TickerIconView.swift */,
				A0000000000000000000010B /* AddTickerSheet.swift */,
				A0000000000000000000010D /* EmptyStateView.swift */,
				A0000000000000000000011C /* ChartSettingsSheet.swift */,
				A00000000000000000000112 /* CandleChartView.swift */,
				A00000000000000000000113 /* CandleChartStyle.swift */,
				26162A9C17DCE8969A3E56B8 /* ReorderDropDelegate.swift */,
				808E1370CBBDF7B875C17D9D /* SearchResultRow.swift */,
			);
			path = View;
			sourceTree = "<group>";
		};
		A00000000000000000000314 /* Preview Content */ = {
			isa = PBXGroup;
			children = (
				A0000000000000000000010E /* MockData.swift */,
			);
			path = "Preview Content";
			sourceTree = "<group>";
		};
		A00000000000000000000315 /* Util */ = {
			isa = PBXGroup;
			children = (
				A0000000000000000000011D /* ColorHex.swift */,
				D7BF0A39943224E6FE7AB590 /* AppSupport.swift */,
				9AB4301ACD00B5A586820208 /* Comparable+Clamped.swift */,
				763ED08073ED0807493107C6 /* PriceFormatter.swift */,
				CF4F0861ED57FFD15CBF8E0D /* DateFormat+Extensions.swift */,
			);
			path = Util;
			sourceTree = "<group>";
		};
/* End PBXGroup section */

/* Begin PBXNativeTarget section */
		A00000000000000000000401 /* CryptoCharts */ = {
			isa = PBXNativeTarget;
			buildConfigurationList = A00000000000000000000601 /* Build configuration list for PBXNativeTarget "CryptoCharts" */;
			buildPhases = (
				A00000000000000000000501 /* Sources */,
				A00000000000000000000201 /* Frameworks */,
				A00000000000000000000502 /* Resources */,
			);
			buildRules = (
			);
			dependencies = (
			);
			name = CryptoCharts;
			productName = CryptoCharts;
			productReference = A00000000000000000000110 /* CryptoCharts.app */;
			productType = "com.apple.product-type.application";
		};
/* End PBXNativeTarget section */

/* Begin PBXProject section */
		A00000000000000000000701 /* Project object */ = {
			isa = PBXProject;
			attributes = {
				BuildIndependentTargetsInParallel = 1;
				LastSwiftUpdateCheck = 1600;
				LastUpgradeCheck = 1600;
				TargetAttributes = {
					A00000000000000000000401 = {
						CreatedOnToolsVersion = 16.0;
					};
				};
			};
			buildConfigurationList = A00000000000000000000702 /* Build configuration list for PBXProject "CryptoCharts" */;
			compatibilityVersion = "Xcode 14.0";
			developmentRegion = en;
			hasScannedForEncodings = 0;
			knownRegions = (
				en,
				Base,
			);
			mainGroup = A00000000000000000000300;
			productRefGroup = A00000000000000000000302 /* Products */;
			projectDirPath = "";
			projectRoot = "";
			targets = (
				A00000000000000000000401 /* CryptoCharts */,
			);
		};
/* End PBXProject section */

/* Begin PBXResourcesBuildPhase section */
		A00000000000000000000502 /* Resources */ = {
			isa = PBXResourcesBuildPhase;
			buildActionMask = 2147483647;
			files = (
				A0000000000000000000000F /* Assets.xcassets in Resources */,
			);
			runOnlyForDeploymentPostprocessing = 0;
		};
/* End PBXResourcesBuildPhase section */

/* Begin PBXSourcesBuildPhase section */
		A00000000000000000000501 /* Sources */ = {
			isa = PBXSourcesBuildPhase;
			buildActionMask = 2147483647;
			files = (
				A00000000000000000000001 /* CryptoChartsApp.swift in Sources */,
				A00000000000000000000002 /* ContentView.swift in Sources */,
				A00000000000000000000003 /* KlineData.swift in Sources */,
				A00000000000000000000004 /* TimeRange.swift in Sources */,
				A00000000000000000000005 /* SymbolInfo.swift in Sources */,
				A00000000000000000000006 /* BinanceAPIService.swift in Sources */,
				A00000000000000000000008 /* ChartViewModel.swift in Sources */,
				A00000000000000000000009 /* ContentViewModel.swift in Sources */,
				A0000000000000000000001E /* TickerIconView.swift in Sources */,
				A0000000000000000000000A /* ChartCardView.swift in Sources */,
				A0000000000000000000000B /* AddTickerSheet.swift in Sources */,
				A0000000000000000000000D /* EmptyStateView.swift in Sources */,
				A0000000000000000000000E /* MockData.swift in Sources */,
				A00000000000000000000011 /* CandleChartView.swift in Sources */,
				A00000000000000000000012 /* CandleChartStyle.swift in Sources */,
				A00000000000000000000013 /* BinanceWebSocketService.swift in Sources */,
				A00000000000000000000014 /* SavedView.swift in Sources */,
				A00000000000000000000016 /* IconResolver.swift in Sources */,
				A00000000000000000000017 /* DataSourceType.swift in Sources */,
				A00000000000000000000018 /* TickerDataSource.swift in Sources */,
				A00000000000000000000019 /* CoinGeckoAPIService.swift in Sources */,
				B10000000000000000000001 /* CoinGeckoProvisionalStore.swift in Sources */,
				A0000000000000000000001D /* CGRateLimiter.swift in Sources */,
				A0000000000000000000001A /* DEXScreenerService.swift in Sources */,
				A0000000000000000000001B /* ChartSettingsSheet.swift in Sources */,
				A0000000000000000000001C /* ColorHex.swift in Sources */,
				58630E0C416C081AF0953889 /* KlineCache.swift in Sources */,
				E777DD8DE100A21A8EB9D22A /* JSONStore.swift in Sources */,
				210811D2641BFEA642CB5C1B /* AppSupport.swift in Sources */,
				E274692C02A7CF2744AA19E6 /* Comparable+Clamped.swift in Sources */,
				E9BFE5EDD08EFDF1A8799293 /* PriceFormatter.swift in Sources */,
				107499480345BD4E1AF89997 /* DateFormat+Extensions.swift in Sources */,
				8A6F0FBF904AABC2B7092AB6 /* Constants.swift in Sources */,
				133084E1F720D328F33F7A4E /* ReorderDropDelegate.swift in Sources */,
				A8264FDDEB83050C431DE260 /* SearchResultRow.swift in Sources */,
				44306C22FA7B0C913BEAFD73 /* TickerSearchViewModel.swift in Sources */,
			);
			runOnlyForDeploymentPostprocessing = 0;
		};
/* End PBXSourcesBuildPhase section */

/* Begin XCBuildConfiguration section */
		A00000000000000000000801 /* Debug */ = {
			isa = XCBuildConfiguration;
			buildSettings = {
				ALWAYS_SEARCH_USER_PATHS = NO;
				ASSETCATALOG_COMPILER_GENERATE_SWIFT_ASSET_SYMBOL_EXTENSIONS = YES;
				CLANG_ANALYZER_NONNULL = YES;
				CLANG_CXX_LANGUAGE_STANDARD = "gnu++20";
				CLANG_ENABLE_MODULES = YES;
				CLANG_ENABLE_OBJC_ARC = YES;
				COPY_PHASE_STRIP = NO;
				DEBUG_INFORMATION_FORMAT = dwarf;
				ENABLE_STRICT_OBJC_MSGSEND = YES;
				ENABLE_TESTABILITY = YES;
				ENABLE_USER_SCRIPT_SANDBOXING = YES;
				GCC_DYNAMIC_NO_PIC = NO;
				GCC_OPTIMIZATION_LEVEL = 0;
				GCC_PREPROCESSOR_DEFINITIONS = (
					"DEBUG=1",
					"$(inherited)",
				);
				IPHONEOS_DEPLOYMENT_TARGET = 18.0;
				LOCALIZATION_PREFERS_STRING_CATALOGS = YES;
				MACOSX_DEPLOYMENT_TARGET = 14.0;
				MTL_ENABLE_DEBUG_INFO = INCLUDE_SOURCE;
				ONLY_ACTIVE_ARCH = YES;
				SDKROOT = macosx;
				SWIFT_ACTIVE_COMPILATION_CONDITIONS = "DEBUG $(inherited)";
				SWIFT_OPTIMIZATION_LEVEL = "-Onone";
			};
			name = Debug;
		};
		A00000000000000000000802 /* Release */ = {
			isa = XCBuildConfiguration;
			buildSettings = {
				ALWAYS_SEARCH_USER_PATHS = NO;
				ASSETCATALOG_COMPILER_GENERATE_SWIFT_ASSET_SYMBOL_EXTENSIONS = YES;
				CLANG_ANALYZER_NONNULL = YES;
				CLANG_CXX_LANGUAGE_STANDARD = "gnu++20";
				CLANG_ENABLE_MODULES = YES;
				CLANG_ENABLE_OBJC_ARC = YES;
				COPY_PHASE_STRIP = NO;
				DEBUG_INFORMATION_FORMAT = "dwarf-with-dsym";
				ENABLE_NS_ASSERTIONS = NO;
				ENABLE_STRICT_OBJC_MSGSEND = YES;
				ENABLE_USER_SCRIPT_SANDBOXING = YES;
				GCC_OPTIMIZATION_LEVEL = s;
				IPHONEOS_DEPLOYMENT_TARGET = 18.0;
				LOCALIZATION_PREFERS_STRING_CATALOGS = YES;
				MACOSX_DEPLOYMENT_TARGET = 14.0;
				MTL_ENABLE_DEBUG_INFO = NO;
				SDKROOT = macosx;
				SWIFT_COMPILATION_MODE = wholemodule;
			};
			name = Release;
		};
		A00000000000000000000803 /* Debug */ = {
			isa = XCBuildConfiguration;
			buildSettings = {
				ASSETCATALOG_COMPILER_APPICON_NAME = AppIcon;
				CODE_SIGN_STYLE = Automatic;
				CURRENT_PROJECT_VERSION = 1;
				ENABLE_PREVIEWS = YES;
				GENERATE_INFOPLIST_FILE = YES;
				INFOPLIST_KEY_NSHumanReadableCopyright = "";
				INFOPLIST_KEY_NSMainStoryboardFile = "";
				INFOPLIST_KEY_NSPrincipalClass = "";
				LD_RUNPATH_SEARCH_PATHS = (
					"$(inherited)",
					"@executable_path/../Frameworks",
				);
				MARKETING_VERSION = 1.0;
				PRODUCT_BUNDLE_IDENTIFIER = com.cryptocharts.app;
				PRODUCT_NAME = "$(TARGET_NAME)";
				SWIFT_EMIT_LOC_STRINGS = YES;
				SWIFT_VERSION = 5.0;
			};
			name = Debug;
		};
		A00000000000000000000804 /* Release */ = {
			isa = XCBuildConfiguration;
			buildSettings = {
				ASSETCATALOG_COMPILER_APPICON_NAME = AppIcon;
				CODE_SIGN_STYLE = Automatic;
				CURRENT_PROJECT_VERSION = 1;
				ENABLE_PREVIEWS = YES;
				GENERATE_INFOPLIST_FILE = YES;
				INFOPLIST_KEY_NSHumanReadableCopyright = "";
				INFOPLIST_KEY_NSMainStoryboardFile = "";
				INFOPLIST_KEY_NSPrincipalClass = "";
				LD_RUNPATH_SEARCH_PATHS = (
					"$(inherited)",
					"@executable_path/../Frameworks",
				);
				MARKETING_VERSION = 1.0;
				PRODUCT_BUNDLE_IDENTIFIER = com.cryptocharts.app;
				PRODUCT_NAME = "$(TARGET_NAME)";
				SWIFT_EMIT_LOC_STRINGS = YES;
				SWIFT_VERSION = 5.0;
			};
			name = Release;
		};
/* End XCBuildConfiguration section */

/* Begin XCConfigurationList section */
		A00000000000000000000601 /* Build configuration list for PBXNativeTarget "CryptoCharts" */ = {
			isa = XCConfigurationList;
			buildConfigurations = (
				A00000000000000000000803 /* Debug */,
				A00000000000000000000804 /* Release */,
			);
			defaultConfigurationIsVisible = 0;
			defaultConfigurationName = Release;
		};
		A00000000000000000000702 /* Build configuration list for PBXProject "CryptoCharts" */ = {
			isa = XCConfigurationList;
			buildConfigurations = (
				A00000000000000000000801 /* Debug */,
				A00000000000000000000802 /* Release */,
			);
			defaultConfigurationIsVisible = 0;
			defaultConfigurationName = Release;
		};
/* End XCConfigurationList section */
	};
	rootObject = A00000000000000000000701 /* Project object */;
}
